Microsoft Visual Studio Solution File, Format Version 12.00
# Visual Studio 2013
Project("{8BC9CEB8-8B4A-11D0-8D11-00A0C91BC942}") = "ALL_BUILD", "ALL_BUILD.vcxproj", "{3A78D8E3-F9C4-4506-A3E8-7E36F809162C}"
	ProjectSection(ProjectDependencies) = postProject
		{1CAE972A-AE49-4CBF-AF1E-F98991E68E9D} = {1CAE972A-AE49-4CBF-AF1E-F98991E68E9D}
		{AAB33A68-7DE3-4C32-B3AE-3AA955F13070} = {AAB33A68-7DE3-4C32-B3AE-3AA955F13070}
		{1C6D8A39-11FD-4AD1-9CBD-C3405ED022E1} = {1C6D8A39-11FD-4AD1-9CBD-C3405ED022E1}
		{6BE2FB7C-ADD2-4428-8E8C-297AA985191B} = {6BE2FB7C-ADD2-4428-8E8C-297AA985191B}
		{0981426B-923F-4F05-BF64-9A7B14E7FB02} = {0981426B-923F-4F05-BF64-9A7B14E7FB02}
		{0AABFABF-13CB-4824-AD88-B9A9E287888C} = {0AABFABF-13CB-4824-AD88-B9A9E287888C}
		{3E766B48-EF10-4876-A160-155EA19F4810} = {3E766B48-EF10-4876-A160-155EA19F4810}
		{8F3CFF96-4F59-447D-B40D-60A51675B688} = {8F3CFF96-4F59-447D-B40D-60A51675B688}
		{D2BC016D-E957-42C9-8EF6-E3DD06ECE82E} = {D2BC016D-E957-42C9-8EF6-E3DD06ECE82E}
		{1FF12EF4-A907-4C85-9442-0108F13D49D0} = {1FF12EF4-A907-4C85-9442-0108F13D49D0}
		{5DF68B72-6250-4DA2-8DBB-F552C77A89FE} = {5DF68B72-6250-4DA2-8DBB-F552C77A89FE}
		{EB1B1028-07AA-44A4-8B85-FB98D3CA2422} = {EB1B1028-07AA-44A4-8B85-FB98D3CA2422}
		{6B57BFBE-67A2-43F9-96F2-636158269195} = {6B57BFBE-67A2-43F9-96F2-636158269195}
		{CD8F1B71-38E3-4FAD-A5E0-09C7757D8F42} = {CD8F1B71-38E3-4FAD-A5E0-09C7757D8F42}
		{9CDD4065-9B2E-400C-A149-D3A7418E5733} = {9CDD4065-9B2E-400C-A149-D3A7418E5733}
		{004F3685-E17B-479B-B956-C3D643F680E3} = {004F3685-E17B-479B-B956-C3D643F680E3}
		{0543E101-3D03-49C8-97B1-5B34928BC4A6} = {0543E101-3D03-49C8-97B1-5B34928BC4A6}
		{0F68C72A-DB52-4434-9325-3A810ACCA9A3} = {0F68C72A-DB52-4434-9325-3A810ACCA9A3}
		{8EECFF4E-B435-4B8F-B9CE-83F291D2F2A3} = {8EECFF4E-B435-4B8F-B9CE-83F291D2F2A3}
	EndProjectSection
EndProject
Project("{8BC9CEB8-8B4A-11D0-8D11-00A0C91BC942}") = "INSTALL", "INSTALL.vcxproj", "{8EBA118D-8AFF-433F-B3DE-22DA8C2671CB}"
	ProjectSection(ProjectDependencies) = postProject
		{3A78D8E3-F9C4-4506-A3E8-7E36F809162C} = {3A78D8E3-F9C4-4506-A3E8-7E36F809162C}
	EndProjectSection
EndProject
Project("{8BC9CEB8-8B4A-11D0-8D11-00A0C91BC942}") = "PACKAGE", "PACKAGE.vcxproj", "{AB1F2C21-DEF5-4AD0-9869-49B9BDEADF18}"
	ProjectSection(ProjectDependencies) = postProject
		{3A78D8E3-F9C4-4506-A3E8-7E36F809162C} = {3A78D8E3-F9C4-4506-A3E8-7E36F809162C}
	EndProjectSection
EndProject
Project("{8BC9CEB8-8B4A-11D0-8D11-00A0C91BC942}") = "RUN_TESTS", "RUN_TESTS.vcxproj", "{478EBEAB-7CD8-4205-A8E9-94933B668B2A}"
	ProjectSection(ProjectDependencies) = postProject
	EndProjectSection
EndProject
Project("{8BC9CEB8-8B4A-11D0-8D11-00A0C91BC942}") = "YARP_OS", "src\libYARP_OS\YARP_OS.vcxproj", "{1CAE972A-AE49-4CBF-AF1E-F98991E68E9D}"
	ProjectSection(ProjectDependencies) = postProject
		{8F3CFF96-4F59-447D-B40D-60A51675B688} = {8F3CFF96-4F59-447D-B40D-60A51675B688}
	EndProjectSection
EndProject
Project("{8BC9CEB8-8B4A-11D0-8D11-00A0C91BC942}") = "YARP_dev", "src\libYARP_dev\YARP_dev.vcxproj", "{AAB33A68-7DE3-4C32-B3AE-3AA955F13070}"
	ProjectSection(ProjectDependencies) = postProject
		{1CAE972A-AE49-4CBF-AF1E-F98991E68E9D} = {1CAE972A-AE49-4CBF-AF1E-F98991E68E9D}
		{3E766B48-EF10-4876-A160-155EA19F4810} = {3E766B48-EF10-4876-A160-155EA19F4810}
		{8F3CFF96-4F59-447D-B40D-60A51675B688} = {8F3CFF96-4F59-447D-B40D-60A51675B688}
	EndProjectSection
EndProject
Project("{8BC9CEB8-8B4A-11D0-8D11-00A0C91BC942}") = "YARP_init", "src\libYARP_init\YARP_init.vcxproj", "{1C6D8A39-11FD-4AD1-9CBD-C3405ED022E1}"
	ProjectSection(ProjectDependencies) = postProject
		{1CAE972A-AE49-4CBF-AF1E-F98991E68E9D} = {1CAE972A-AE49-4CBF-AF1E-F98991E68E9D}
		{8F3CFF96-4F59-447D-B40D-60A51675B688} = {8F3CFF96-4F59-447D-B40D-60A51675B688}
	EndProjectSection
EndProject
Project("{8BC9CEB8-8B4A-11D0-8D11-00A0C91BC942}") = "YARP_name", "src\libYARP_name\YARP_name.vcxproj", "{6BE2FB7C-ADD2-4428-8E8C-297AA985191B}"
	ProjectSection(ProjectDependencies) = postProject
		{1CAE972A-AE49-4CBF-AF1E-F98991E68E9D} = {1CAE972A-AE49-4CBF-AF1E-F98991E68E9D}
		{8F3CFF96-4F59-447D-B40D-60A51675B688} = {8F3CFF96-4F59-447D-B40D-60A51675B688}
	EndProjectSection
EndProject
Project("{8BC9CEB8-8B4A-11D0-8D11-00A0C91BC942}") = "YARP_priv_sqlite", "extern\sqlite\YARP_priv_sqlite.vcxproj", "{0981426B-923F-4F05-BF64-9A7B14E7FB02}"
	ProjectSection(ProjectDependencies) = postProject
		{8F3CFF96-4F59-447D-B40D-60A51675B688} = {8F3CFF96-4F59-447D-B40D-60A51675B688}
	EndProjectSection
EndProject
Project("{8BC9CEB8-8B4A-11D0-8D11-00A0C91BC942}") = "YARP_serversql", "src\yarpserver\YARP_serversql.vcxproj", "{0AABFABF-13CB-4824-AD88-B9A9E287888C}"
	ProjectSection(ProjectDependencies) = postProject
		{1CAE972A-AE49-4CBF-AF1E-F98991E68E9D} = {1CAE972A-AE49-4CBF-AF1E-F98991E68E9D}
		{1C6D8A39-11FD-4AD1-9CBD-C3405ED022E1} = {1C6D8A39-11FD-4AD1-9CBD-C3405ED022E1}
		{6BE2FB7C-ADD2-4428-8E8C-297AA985191B} = {6BE2FB7C-ADD2-4428-8E8C-297AA985191B}
		{0981426B-923F-4F05-BF64-9A7B14E7FB02} = {0981426B-923F-4F05-BF64-9A7B14E7FB02}
		{8F3CFF96-4F59-447D-B40D-60A51675B688} = {8F3CFF96-4F59-447D-B40D-60A51675B688}
	EndProjectSection
EndProject
Project("{8BC9CEB8-8B4A-11D0-8D11-00A0C91BC942}") = "YARP_sig", "src\libYARP_sig\YARP_sig.vcxproj", "{3E766B48-EF10-4876-A160-155EA19F4810}"
	ProjectSection(ProjectDependencies) = postProject
		{1CAE972A-AE49-4CBF-AF1E-F98991E68E9D} = {1CAE972A-AE49-4CBF-AF1E-F98991E68E9D}
		{8F3CFF96-4F59-447D-B40D-60A51675B688} = {8F3CFF96-4F59-447D-B40D-60A51675B688}
	EndProjectSection
EndProject
Project("{8BC9CEB8-8B4A-11D0-8D11-00A0C91BC942}") = "ZERO_CHECK", "ZERO_CHECK.vcxproj", "{8F3CFF96-4F59-447D-B40D-60A51675B688}"
	ProjectSection(ProjectDependencies) = postProject
	EndProjectSection
EndProject
Project("{8BC9CEB8-8B4A-11D0-8D11-00A0C91BC942}") = "dox", "dox.vcxproj", "{32A6F141-6D37-49E1-B9D9-59062466B454}"
	ProjectSection(ProjectDependencies) = postProject
		{8F3CFF96-4F59-447D-B40D-60A51675B688} = {8F3CFF96-4F59-447D-B40D-60A51675B688}
	EndProjectSection
EndProject
Project("{8BC9CEB8-8B4A-11D0-8D11-00A0C91BC942}") = "harness_dev", "src\tests\harness_dev.vcxproj", "{D2BC016D-E957-42C9-8EF6-E3DD06ECE82E}"
	ProjectSection(ProjectDependencies) = postProject
		{1CAE972A-AE49-4CBF-AF1E-F98991E68E9D} = {1CAE972A-AE49-4CBF-AF1E-F98991E68E9D}
		{AAB33A68-7DE3-4C32-B3AE-3AA955F13070} = {AAB33A68-7DE3-4C32-B3AE-3AA955F13070}
		{1C6D8A39-11FD-4AD1-9CBD-C3405ED022E1} = {1C6D8A39-11FD-4AD1-9CBD-C3405ED022E1}
		{6BE2FB7C-ADD2-4428-8E8C-297AA985191B} = {6BE2FB7C-ADD2-4428-8E8C-297AA985191B}
		{0981426B-923F-4F05-BF64-9A7B14E7FB02} = {0981426B-923F-4F05-BF64-9A7B14E7FB02}
		{0AABFABF-13CB-4824-AD88-B9A9E287888C} = {0AABFABF-13CB-4824-AD88-B9A9E287888C}
		{3E766B48-EF10-4876-A160-155EA19F4810} = {3E766B48-EF10-4876-A160-155EA19F4810}
		{8F3CFF96-4F59-447D-B40D-60A51675B688} = {8F3CFF96-4F59-447D-B40D-60A51675B688}
	EndProjectSection
EndProject
Project("{8BC9CEB8-8B4A-11D0-8D11-00A0C91BC942}") = "harness_os", "src\tests\harness_os.vcxproj", "{1FF12EF4-A907-4C85-9442-0108F13D49D0}"
	ProjectSection(ProjectDependencies) = postProject
		{1CAE972A-AE49-4CBF-AF1E-F98991E68E9D} = {1CAE972A-AE49-4CBF-AF1E-F98991E68E9D}
		{AAB33A68-7DE3-4C32-B3AE-3AA955F13070} = {AAB33A68-7DE3-4C32-B3AE-3AA955F13070}
		{1C6D8A39-11FD-4AD1-9CBD-C3405ED022E1} = {1C6D8A39-11FD-4AD1-9CBD-C3405ED022E1}
		{6BE2FB7C-ADD2-4428-8E8C-297AA985191B} = {6BE2FB7C-ADD2-4428-8E8C-297AA985191B}
		{0981426B-923F-4F05-BF64-9A7B14E7FB02} = {0981426B-923F-4F05-BF64-9A7B14E7FB02}
		{0AABFABF-13CB-4824-AD88-B9A9E287888C} = {0AABFABF-13CB-4824-AD88-B9A9E287888C}
		{3E766B48-EF10-4876-A160-155EA19F4810} = {3E766B48-EF10-4876-A160-155EA19F4810}
		{8F3CFF96-4F59-447D-B40D-60A51675B688} = {8F3CFF96-4F59-447D-B40D-60A51675B688}
	EndProjectSection
EndProject
Project("{8BC9CEB8-8B4A-11D0-8D11-00A0C91BC942}") = "harness_sig", "src\tests\harness_sig.vcxproj", "{5DF68B72-6250-4DA2-8DBB-F552C77A89FE}"
	ProjectSection(ProjectDependencies) = postProject
		{1CAE972A-AE49-4CBF-AF1E-F98991E68E9D} = {1CAE972A-AE49-4CBF-AF1E-F98991E68E9D}
		{AAB33A68-7DE3-4C32-B3AE-3AA955F13070} = {AAB33A68-7DE3-4C32-B3AE-3AA955F13070}
		{1C6D8A39-11FD-4AD1-9CBD-C3405ED022E1} = {1C6D8A39-11FD-4AD1-9CBD-C3405ED022E1}
		{6BE2FB7C-ADD2-4428-8E8C-297AA985191B} = {6BE2FB7C-ADD2-4428-8E8C-297AA985191B}
		{0981426B-923F-4F05-BF64-9A7B14E7FB02} = {0981426B-923F-4F05-BF64-9A7B14E7FB02}
		{0AABFABF-13CB-4824-AD88-B9A9E287888C} = {0AABFABF-13CB-4824-AD88-B9A9E287888C}
		{3E766B48-EF10-4876-A160-155EA19F4810} = {3E766B48-EF10-4876-A160-155EA19F4810}
		{8F3CFF96-4F59-447D-B40D-60A51675B688} = {8F3CFF96-4F59-447D-B40D-60A51675B688}
	EndProjectSection
EndProject
Project("{8BC9CEB8-8B4A-11D0-8D11-00A0C91BC942}") = "man", "man.vcxproj", "{9A56A2BF-C205-449B-AFEA-433FF032A6F7}"
	ProjectSection(ProjectDependencies) = postProject
		{8F3CFF96-4F59-447D-B40D-60A51675B688} = {8F3CFF96-4F59-447D-B40D-60A51675B688}
	EndProjectSection
EndProject
Project("{8BC9CEB8-8B4A-11D0-8D11-00A0C91BC942}") = "testModule", "src\tests\testModule.vcxproj", "{EB1B1028-07AA-44A4-8B85-FB98D3CA2422}"
	ProjectSection(ProjectDependencies) = postProject
		{1CAE972A-AE49-4CBF-AF1E-F98991E68E9D} = {1CAE972A-AE49-4CBF-AF1E-F98991E68E9D}
		{1C6D8A39-11FD-4AD1-9CBD-C3405ED022E1} = {1C6D8A39-11FD-4AD1-9CBD-C3405ED022E1}
		{8F3CFF96-4F59-447D-B40D-60A51675B688} = {8F3CFF96-4F59-447D-B40D-60A51675B688}
	EndProjectSection
EndProject
Project("{8BC9CEB8-8B4A-11D0-8D11-00A0C91BC942}") = "uninstall", "uninstall.vcxproj", "{C1E72799-C287-4B36-A119-B755B6798CE0}"
	ProjectSection(ProjectDependencies) = postProject
		{8F3CFF96-4F59-447D-B40D-60A51675B688} = {8F3CFF96-4F59-447D-B40D-60A51675B688}
	EndProjectSection
EndProject
Project("{8BC9CEB8-8B4A-11D0-8D11-00A0C91BC942}") = "yarp", "src\yarp\yarp.vcxproj", "{6B57BFBE-67A2-43F9-96F2-636158269195}"
	ProjectSection(ProjectDependencies) = postProject
		{1CAE972A-AE49-4CBF-AF1E-F98991E68E9D} = {1CAE972A-AE49-4CBF-AF1E-F98991E68E9D}
		{1C6D8A39-11FD-4AD1-9CBD-C3405ED022E1} = {1C6D8A39-11FD-4AD1-9CBD-C3405ED022E1}
		{6BE2FB7C-ADD2-4428-8E8C-297AA985191B} = {6BE2FB7C-ADD2-4428-8E8C-297AA985191B}
		{0981426B-923F-4F05-BF64-9A7B14E7FB02} = {0981426B-923F-4F05-BF64-9A7B14E7FB02}
		{0AABFABF-13CB-4824-AD88-B9A9E287888C} = {0AABFABF-13CB-4824-AD88-B9A9E287888C}
		{8F3CFF96-4F59-447D-B40D-60A51675B688} = {8F3CFF96-4F59-447D-B40D-60A51675B688}
	EndProjectSection
EndProject
Project("{8BC9CEB8-8B4A-11D0-8D11-00A0C91BC942}") = "yarp-config", "src\yarp\yarp-config.vcxproj", "{CD8F1B71-38E3-4FAD-A5E0-09C7757D8F42}"
	ProjectSection(ProjectDependencies) = postProject
		{1CAE972A-AE49-4CBF-AF1E-F98991E68E9D} = {1CAE972A-AE49-4CBF-AF1E-F98991E68E9D}
		{1C6D8A39-11FD-4AD1-9CBD-C3405ED022E1} = {1C6D8A39-11FD-4AD1-9CBD-C3405ED022E1}
		{8F3CFF96-4F59-447D-B40D-60A51675B688} = {8F3CFF96-4F59-447D-B40D-60A51675B688}
	EndProjectSection
EndProject
Project("{8BC9CEB8-8B4A-11D0-8D11-00A0C91BC942}") = "yarpdev", "src\yarpdev\yarpdev.vcxproj", "{9CDD4065-9B2E-400C-A149-D3A7418E5733}"
	ProjectSection(ProjectDependencies) = postProject
		{AAB33A68-7DE3-4C32-B3AE-3AA955F13070} = {AAB33A68-7DE3-4C32-B3AE-3AA955F13070}
		{1C6D8A39-11FD-4AD1-9CBD-C3405ED022E1} = {1C6D8A39-11FD-4AD1-9CBD-C3405ED022E1}
		{8F3CFF96-4F59-447D-B40D-60A51675B688} = {8F3CFF96-4F59-447D-B40D-60A51675B688}
	EndProjectSection
EndProject
Project("{8BC9CEB8-8B4A-11D0-8D11-00A0C91BC942}") = "yarprun", "src\yarprun\yarprun.vcxproj", "{004F3685-E17B-479B-B956-C3D643F680E3}"
	ProjectSection(ProjectDependencies) = postProject
		{1CAE972A-AE49-4CBF-AF1E-F98991E68E9D} = {1CAE972A-AE49-4CBF-AF1E-F98991E68E9D}
		{1C6D8A39-11FD-4AD1-9CBD-C3405ED022E1} = {1C6D8A39-11FD-4AD1-9CBD-C3405ED022E1}
		{8F3CFF96-4F59-447D-B40D-60A51675B688} = {8F3CFF96-4F59-447D-B40D-60A51675B688}
	EndProjectSection
EndProject
Project("{8BC9CEB8-8B4A-11D0-8D11-00A0C91BC942}") = "yarpserver", "src\yarpserver\yarpserver.vcxproj", "{0543E101-3D03-49C8-97B1-5B34928BC4A6}"
	ProjectSection(ProjectDependencies) = postProject
		{1CAE972A-AE49-4CBF-AF1E-F98991E68E9D} = {1CAE972A-AE49-4CBF-AF1E-F98991E68E9D}
		{1C6D8A39-11FD-4AD1-9CBD-C3405ED022E1} = {1C6D8A39-11FD-4AD1-9CBD-C3405ED022E1}
		{6BE2FB7C-ADD2-4428-8E8C-297AA985191B} = {6BE2FB7C-ADD2-4428-8E8C-297AA985191B}
		{0981426B-923F-4F05-BF64-9A7B14E7FB02} = {0981426B-923F-4F05-BF64-9A7B14E7FB02}
		{0AABFABF-13CB-4824-AD88-B9A9E287888C} = {0AABFABF-13CB-4824-AD88-B9A9E287888C}
		{8F3CFF96-4F59-447D-B40D-60A51675B688} = {8F3CFF96-4F59-447D-B40D-60A51675B688}
	EndProjectSection
EndProject
Project("{8BC9CEB8-8B4A-11D0-8D11-00A0C91BC942}") = "yarpserver2", "src\yarp\yarpserver2.vcxproj", "{0F68C72A-DB52-4434-9325-3A810ACCA9A3}"
	ProjectSection(ProjectDependencies) = postProject
		{1CAE972A-AE49-4CBF-AF1E-F98991E68E9D} = {1CAE972A-AE49-4CBF-AF1E-F98991E68E9D}
		{1C6D8A39-11FD-4AD1-9CBD-C3405ED022E1} = {1C6D8A39-11FD-4AD1-9CBD-C3405ED022E1}
		{8F3CFF96-4F59-447D-B40D-60A51675B688} = {8F3CFF96-4F59-447D-B40D-60A51675B688}
	EndProjectSection
EndProject
Project("{8BC9CEB8-8B4A-11D0-8D11-00A0C91BC942}") = "yarpserver3", "src\yarpserver\yarpserver3.vcxproj", "{8EECFF4E-B435-4B8F-B9CE-83F291D2F2A3}"
	ProjectSection(ProjectDependencies) = postProject
		{1CAE972A-AE49-4CBF-AF1E-F98991E68E9D} = {1CAE972A-AE49-4CBF-AF1E-F98991E68E9D}
		{1C6D8A39-11FD-4AD1-9CBD-C3405ED022E1} = {1C6D8A39-11FD-4AD1-9CBD-C3405ED022E1}
		{6BE2FB7C-ADD2-4428-8E8C-297AA985191B} = {6BE2FB7C-ADD2-4428-8E8C-297AA985191B}
		{0981426B-923F-4F05-BF64-9A7B14E7FB02} = {0981426B-923F-4F05-BF64-9A7B14E7FB02}
		{0AABFABF-13CB-4824-AD88-B9A9E287888C} = {0AABFABF-13CB-4824-AD88-B9A9E287888C}
		{8F3CFF96-4F59-447D-B40D-60A51675B688} = {8F3CFF96-4F59-447D-B40D-60A51675B688}
	EndProjectSection
EndProject
Global
	GlobalSection(SolutionConfigurationPlatforms) = preSolution
		Debug|Win32 = Debug|Win32
		Release|Win32 = Release|Win32
		MinSizeRel|Win32 = MinSizeRel|Win32
		RelWithDebInfo|Win32 = RelWithDebInfo|Win32
	EndGlobalSection
	GlobalSection(ProjectConfigurationPlatforms) = postSolution
		{3A78D8E3-F9C4-4506-A3E8-7E36F809162C}.Debug|Win32.ActiveCfg = Debug|Win32
		{3A78D8E3-F9C4-4506-A3E8-7E36F809162C}.Debug|Win32.Build.0 = Debug|Win32
		{3A78D8E3-F9C4-4506-A3E8-7E36F809162C}.Release|Win32.ActiveCfg = Release|Win32
		{3A78D8E3-F9C4-4506-A3E8-7E36F809162C}.Release|Win32.Build.0 = Release|Win32
		{3A78D8E3-F9C4-4506-A3E8-7E36F809162C}.MinSizeRel|Win32.ActiveCfg = MinSizeRel|Win32
		{3A78D8E3-F9C4-4506-A3E8-7E36F809162C}.MinSizeRel|Win32.Build.0 = MinSizeRel|Win32
		{3A78D8E3-F9C4-4506-A3E8-7E36F809162C}.RelWithDebInfo|Win32.ActiveCfg = RelWithDebInfo|Win32
		{3A78D8E3-F9C4-4506-A3E8-7E36F809162C}.RelWithDebInfo|Win32.Build.0 = RelWithDebInfo|Win32
		{8EBA118D-8AFF-433F-B3DE-22DA8C2671CB}.Debug|Win32.ActiveCfg = Debug|Win32
		{8EBA118D-8AFF-433F-B3DE-22DA8C2671CB}.Release|Win32.ActiveCfg = Release|Win32
		{8EBA118D-8AFF-433F-B3DE-22DA8C2671CB}.MinSizeRel|Win32.ActiveCfg = MinSizeRel|Win32
		{8EBA118D-8AFF-433F-B3DE-22DA8C2671CB}.RelWithDebInfo|Win32.ActiveCfg = RelWithDebInfo|Win32
		{AB1F2C21-DEF5-4AD0-9869-49B9BDEADF18}.Debug|Win32.ActiveCfg = Debug|Win32
		{AB1F2C21-DEF5-4AD0-9869-49B9BDEADF18}.Release|Win32.ActiveCfg = Release|Win32
		{AB1F2C21-DEF5-4AD0-9869-49B9BDEADF18}.MinSizeRel|Win32.ActiveCfg = MinSizeRel|Win32
		{AB1F2C21-DEF5-4AD0-9869-49B9BDEADF18}.RelWithDebInfo|Win32.ActiveCfg = RelWithDebInfo|Win32
		{478EBEAB-7CD8-4205-A8E9-94933B668B2A}.Debug|Win32.ActiveCfg = Debug|Win32
		{478EBEAB-7CD8-4205-A8E9-94933B668B2A}.Release|Win32.ActiveCfg = Release|Win32
		{478EBEAB-7CD8-4205-A8E9-94933B668B2A}.MinSizeRel|Win32.ActiveCfg = MinSizeRel|Win32
		{478EBEAB-7CD8-4205-A8E9-94933B668B2A}.RelWithDebInfo|Win32.ActiveCfg = RelWithDebInfo|Win32
		{1CAE972A-AE49-4CBF-AF1E-F98991E68E9D}.Debug|Win32.ActiveCfg = Debug|Win32
		{1CAE972A-AE49-4CBF-AF1E-F98991E68E9D}.Debug|Win32.Build.0 = Debug|Win32
		{1CAE972A-AE49-4CBF-AF1E-F98991E68E9D}.Release|Win32.ActiveCfg = Release|Win32
		{1CAE972A-AE49-4CBF-AF1E-F98991E68E9D}.Release|Win32.Build.0 = Release|Win32
		{1CAE972A-AE49-4CBF-AF1E-F98991E68E9D}.MinSizeRel|Win32.ActiveCfg = MinSizeRel|Win32
		{1CAE972A-AE49-4CBF-AF1E-F98991E68E9D}.MinSizeRel|Win32.Build.0 = MinSizeRel|Win32
		{1CAE972A-AE49-4CBF-AF1E-F98991E68E9D}.RelWithDebInfo|Win32.ActiveCfg = RelWithDebInfo|Win32
		{1CAE972A-AE49-4CBF-AF1E-F98991E68E9D}.RelWithDebInfo|Win32.Build.0 = RelWithDebInfo|Win32
		{AAB33A68-7DE3-4C32-B3AE-3AA955F13070}.Debug|Win32.ActiveCfg = Debug|Win32
		{AAB33A68-7DE3-4C32-B3AE-3AA955F13070}.Debug|Win32.Build.0 = Debug|Win32
		{AAB33A68-7DE3-4C32-B3AE-3AA955F13070}.Release|Win32.ActiveCfg = Release|Win32
		{AAB33A68-7DE3-4C32-B3AE-3AA955F13070}.Release|Win32.Build.0 = Release|Win32
		{AAB33A68-7DE3-4C32-B3AE-3AA955F13070}.MinSizeRel|Win32.ActiveCfg = MinSizeRel|Win32
		{AAB33A68-7DE3-4C32-B3AE-3AA955F13070}.MinSizeRel|Win32.Build.0 = MinSizeRel|Win32
		{AAB33A68-7DE3-4C32-B3AE-3AA955F13070}.RelWithDebInfo|Win32.ActiveCfg = RelWithDebInfo|Win32
		{AAB33A68-7DE3-4C32-B3AE-3AA955F13070}.RelWithDebInfo|Win32.Build.0 = RelWithDebInfo|Win32
		{1C6D8A39-11FD-4AD1-9CBD-C3405ED022E1}.Debug|Win32.ActiveCfg = Debug|Win32
		{1C6D8A39-11FD-4AD1-9CBD-C3405ED022E1}.Debug|Win32.Build.0 = Debug|Win32
		{1C6D8A39-11FD-4AD1-9CBD-C3405ED022E1}.Release|Win32.ActiveCfg = Release|Win32
		{1C6D8A39-11FD-4AD1-9CBD-C3405ED022E1}.Release|Win32.Build.0 = Release|Win32
		{1C6D8A39-11FD-4AD1-9CBD-C3405ED022E1}.MinSizeRel|Win32.ActiveCfg = MinSizeRel|Win32
		{1C6D8A39-11FD-4AD1-9CBD-C3405ED022E1}.MinSizeRel|Win32.Build.0 = MinSizeRel|Win32
		{1C6D8A39-11FD-4AD1-9CBD-C3405ED022E1}.RelWithDebInfo|Win32.ActiveCfg = RelWithDebInfo|Win32
		{1C6D8A39-11FD-4AD1-9CBD-C3405ED022E1}.RelWithDebInfo|Win32.Build.0 = RelWithDebInfo|Win32
		{6BE2FB7C-ADD2-4428-8E8C-297AA985191B}.Debug|Win32.ActiveCfg = Debug|Win32
		{6BE2FB7C-ADD2-4428-8E8C-297AA985191B}.Debug|Win32.Build.0 = Debug|Win32
		{6BE2FB7C-ADD2-4428-8E8C-297AA985191B}.Release|Win32.ActiveCfg = Release|Win32
		{6BE2FB7C-ADD2-4428-8E8C-297AA985191B}.Release|Win32.Build.0 = Release|Win32
		{6BE2FB7C-ADD2-4428-8E8C-297AA985191B}.MinSizeRel|Win32.ActiveCfg = MinSizeRel|Win32
		{6BE2FB7C-ADD2-4428-8E8C-297AA985191B}.MinSizeRel|Win32.Build.0 = MinSizeRel|Win32
		{6BE2FB7C-ADD2-4428-8E8C-297AA985191B}.RelWithDebInfo|Win32.ActiveCfg = RelWithDebInfo|Win32
		{6BE2FB7C-ADD2-4428-8E8C-297AA985191B}.RelWithDebInfo|Win32.Build.0 = RelWithDebInfo|Win32
		{0981426B-923F-4F05-BF64-9A7B14E7FB02}.Debug|Win32.ActiveCfg = Debug|Win32
		{0981426B-923F-4F05-BF64-9A7B14E7FB02}.Debug|Win32.Build.0 = Debug|Win32
		{0981426B-923F-4F05-BF64-9A7B14E7FB02}.Release|Win32.ActiveCfg = Release|Win32
		{0981426B-923F-4F05-BF64-9A7B14E7FB02}.Release|Win32.Build.0 = Release|Win32
		{0981426B-923F-4F05-BF64-9A7B14E7FB02}.MinSizeRel|Win32.ActiveCfg = MinSizeRel|Win32
		{0981426B-923F-4F05-BF64-9A7B14E7FB02}.MinSizeRel|Win32.Build.0 = MinSizeRel|Win32
		{0981426B-923F-4F05-BF64-9A7B14E7FB02}.RelWithDebInfo|Win32.ActiveCfg = RelWithDebInfo|Win32
		{0981426B-923F-4F05-BF64-9A7B14E7FB02}.RelWithDebInfo|Win32.Build.0 = RelWithDebInfo|Win32
		{0AABFABF-13CB-4824-AD88-B9A9E287888C}.Debug|Win32.ActiveCfg = Debug|Win32
		{0AABFABF-13CB-4824-AD88-B9A9E287888C}.Debug|Win32.Build.0 = Debug|Win32
		{0AABFABF-13CB-4824-AD88-B9A9E287888C}.Release|Win32.ActiveCfg = Release|Win32
		{0AABFABF-13CB-4824-AD88-B9A9E287888C}.Release|Win32.Build.0 = Release|Win32
		{0AABFABF-13CB-4824-AD88-B9A9E287888C}.MinSizeRel|Win32.ActiveCfg = MinSizeRel|Win32
		{0AABFABF-13CB-4824-AD88-B9A9E287888C}.MinSizeRel|Win32.Build.0 = MinSizeRel|Win32
		{0AABFABF-13CB-4824-AD88-B9A9E287888C}.RelWithDebInfo|Win32.ActiveCfg = RelWithDebInfo|Win32
		{0AABFABF-13CB-4824-AD88-B9A9E287888C}.RelWithDebInfo|Win32.Build.0 = RelWithDebInfo|Win32
		{3E766B48-EF10-4876-A160-155EA19F4810}.Debug|Win32.ActiveCfg = Debug|Win32
		{3E766B48-EF10-4876-A160-155EA19F4810}.Debug|Win32.Build.0 = Debug|Win32
		{3E766B48-EF10-4876-A160-155EA19F4810}.Release|Win32.ActiveCfg = Release|Win32
		{3E766B48-EF10-4876-A160-155EA19F4810}.Release|Win32.Build.0 = Release|Win32
		{3E766B48-EF10-4876-A160-155EA19F4810}.MinSizeRel|Win32.ActiveCfg = MinSizeRel|Win32
		{3E766B48-EF10-4876-A160-155EA19F4810}.MinSizeRel|Win32.Build.0 = MinSizeRel|Win32
		{3E766B48-EF10-4876-A160-155EA19F4810}.RelWithDebInfo|Win32.ActiveCfg = RelWithDebInfo|Win32
		{3E766B48-EF10-4876-A160-155EA19F4810}.RelWithDebInfo|Win32.Build.0 = RelWithDebInfo|Win32
		{8F3CFF96-4F59-447D-B40D-60A51675B688}.Debug|Win32.ActiveCfg = Debug|Win32
		{8F3CFF96-4F59-447D-B40D-60A51675B688}.Debug|Win32.Build.0 = Debug|Win32
		{8F3CFF96-4F59-447D-B40D-60A51675B688}.Release|Win32.ActiveCfg = Release|Win32
		{8F3CFF96-4F59-447D-B40D-60A51675B688}.Release|Win32.Build.0 = Release|Win32
		{8F3CFF96-4F59-447D-B40D-60A51675B688}.MinSizeRel|Win32.ActiveCfg = MinSizeRel|Win32
		{8F3CFF96-4F59-447D-B40D-60A51675B688}.MinSizeRel|Win32.Build.0 = MinSizeRel|Win32
		{8F3CFF96-4F59-447D-B40D-60A51675B688}.RelWithDebInfo|Win32.ActiveCfg = RelWithDebInfo|Win32
		{8F3CFF96-4F59-447D-B40D-60A51675B688}.RelWithDebInfo|Win32.Build.0 = RelWithDebInfo|Win32
		{32A6F141-6D37-49E1-B9D9-59062466B454}.Debug|Win32.ActiveCfg = Debug|Win32
		{32A6F141-6D37-49E1-B9D9-59062466B454}.Release|Win32.ActiveCfg = Release|Win32
		{32A6F141-6D37-49E1-B9D9-59062466B454}.MinSizeRel|Win32.ActiveCfg = MinSizeRel|Win32
		{32A6F141-6D37-49E1-B9D9-59062466B454}.RelWithDebInfo|Win32.ActiveCfg = RelWithDebInfo|Win32
		{D2BC016D-E957-42C9-8EF6-E3DD06ECE82E}.Debug|Win32.ActiveCfg = Debug|Win32
		{D2BC016D-E957-42C9-8EF6-E3DD06ECE82E}.Debug|Win32.Build.0 = Debug|Win32
		{D2BC016D-E957-42C9-8EF6-E3DD06ECE82E}.Release|Win32.ActiveCfg = Release|Win32
		{D2BC016D-E957-42C9-8EF6-E3DD06ECE82E}.Release|Win32.Build.0 = Release|Win32
		{D2BC016D-E957-42C9-8EF6-E3DD06ECE82E}.MinSizeRel|Win32.ActiveCfg = MinSizeRel|Win32
		{D2BC016D-E957-42C9-8EF6-E3DD06ECE82E}.MinSizeRel|Win32.Build.0 = MinSizeRel|Win32
		{D2BC016D-E957-42C9-8EF6-E3DD06ECE82E}.RelWithDebInfo|Win32.ActiveCfg = RelWithDebInfo|Win32
		{D2BC016D-E957-42C9-8EF6-E3DD06ECE82E}.RelWithDebInfo|Win32.Build.0 = RelWithDebInfo|Win32
		{1FF12EF4-A907-4C85-9442-0108F13D49D0}.Debug|Win32.ActiveCfg = Debug|Win32
		{1FF12EF4-A907-4C85-9442-0108F13D49D0}.Debug|Win32.Build.0 = Debug|Win32
		{1FF12EF4-A907-4C85-9442-0108F13D49D0}.Release|Win32.ActiveCfg = Release|Win32
		{1FF12EF4-A907-4C85-9442-0108F13D49D0}.Release|Win32.Build.0 = Release|Win32
		{1FF12EF4-A907-4C85-9442-0108F13D49D0}.MinSizeRel|Win32.ActiveCfg = MinSizeRel|Win32
		{1FF12EF4-A907-4C85-9442-0108F13D49D0}.MinSizeRel|Win32.Build.0 = MinSizeRel|Win32
		{1FF12EF4-A907-4C85-9442-0108F13D49D0}.RelWithDebInfo|Win32.ActiveCfg = RelWithDebInfo|Win32
		{1FF12EF4-A907-4C85-9442-0108F13D49D0}.RelWithDebInfo|Win32.Build.0 = RelWithDebInfo|Win32
		{5DF68B72-6250-4DA2-8DBB-F552C77A89FE}.Debug|Win32.ActiveCfg = Debug|Win32
		{5DF68B72-6250-4DA2-8DBB-F552C77A89FE}.Debug|Win32.Build.0 = Debug|Win32
		{5DF68B72-6250-4DA2-8DBB-F552C77A89FE}.Release|Win32.ActiveCfg = Release|Win32
		{5DF68B72-6250-4DA2-8DBB-F552C77A89FE}.Release|Win32.Build.0 = Release|Win32
		{5DF68B72-6250-4DA2-8DBB-F552C77A89FE}.MinSizeRel|Win32.ActiveCfg = MinSizeRel|Win32
		{5DF68B72-6250-4DA2-8DBB-F552C77A89FE}.MinSizeRel|Win32.Build.0 = MinSizeRel|Win32
		{5DF68B72-6250-4DA2-8DBB-F552C77A89FE}.RelWithDebInfo|Win32.ActiveCfg = RelWithDebInfo|Win32
		{5DF68B72-6250-4DA2-8DBB-F552C77A89FE}.RelWithDebInfo|Win32.Build.0 = RelWithDebInfo|Win32
		{9A56A2BF-C205-449B-AFEA-433FF032A6F7}.Debug|Win32.ActiveCfg = Debug|Win32
		{9A56A2BF-C205-449B-AFEA-433FF032A6F7}.Release|Win32.ActiveCfg = Release|Win32
		{9A56A2BF-C205-449B-AFEA-433FF032A6F7}.MinSizeRel|Win32.ActiveCfg = MinSizeRel|Win32
		{9A56A2BF-C205-449B-AFEA-433FF032A6F7}.RelWithDebInfo|Win32.ActiveCfg = RelWithDebInfo|Win32
		{EB1B1028-07AA-44A4-8B85-FB98D3CA2422}.Debug|Win32.ActiveCfg = Debug|Win32
		{EB1B1028-07AA-44A4-8B85-FB98D3CA2422}.Debug|Win32.Build.0 = Debug|Win32
		{EB1B1028-07AA-44A4-8B85-FB98D3CA2422}.Release|Win32.ActiveCfg = Release|Win32
		{EB1B1028-07AA-44A4-8B85-FB98D3CA2422}.Release|Win32.Build.0 = Release|Win32
		{EB1B1028-07AA-44A4-8B85-FB98D3CA2422}.MinSizeRel|Win32.ActiveCfg = MinSizeRel|Win32
		{EB1B1028-07AA-44A4-8B85-FB98D3CA2422}.MinSizeRel|Win32.Build.0 = MinSizeRel|Win32
		{EB1B1028-07AA-44A4-8B85-FB98D3CA2422}.RelWithDebInfo|Win32.ActiveCfg = RelWithDebInfo|Win32
		{EB1B1028-07AA-44A4-8B85-FB98D3CA2422}.RelWithDebInfo|Win32.Build.0 = RelWithDebInfo|Win32
		{C1E72799-C287-4B36-A119-B755B6798CE0}.Debug|Win32.ActiveCfg = Debug|Win32
		{C1E72799-C287-4B36-A119-B755B6798CE0}.Release|Win32.ActiveCfg = Release|Win32
		{C1E72799-C287-4B36-A119-B755B6798CE0}.MinSizeRel|Win32.ActiveCfg = MinSizeRel|Win32
		{C1E72799-C287-4B36-A119-B755B6798CE0}.RelWithDebInfo|Win32.ActiveCfg = RelWithDebInfo|Win32
		{6B57BFBE-67A2-43F9-96F2-636158269195}.Debug|Win32.ActiveCfg = Debug|Win32
		{6B57BFBE-67A2-43F9-96F2-636158269195}.Debug|Win32.Build.0 = Debug|Win32
		{6B57BFBE-67A2-43F9-96F2-636158269195}.Release|Win32.ActiveCfg = Release|Win32
		{6B57BFBE-67A2-43F9-96F2-636158269195}.Release|Win32.Build.0 = Release|Win32
		{6B57BFBE-67A2-43F9-96F2-636158269195}.MinSizeRel|Win32.ActiveCfg = MinSizeRel|Win32
		{6B57BFBE-67A2-43F9-96F2-636158269195}.MinSizeRel|Win32.Build.0 = MinSizeRel|Win32
		{6B57BFBE-67A2-43F9-96F2-636158269195}.RelWithDebInfo|Win32.ActiveCfg = RelWithDebInfo|Win32
		{6B57BFBE-67A2-43F9-96F2-636158269195}.RelWithDebInfo|Win32.Build.0 = RelWithDebInfo|Win32
		{CD8F1B71-38E3-4FAD-A5E0-09C7757D8F42}.Debug|Win32.ActiveCfg = Debug|Win32
		{CD8F1B71-38E3-4FAD-A5E0-09C7757D8F42}.Debug|Win32.Build.0 = Debug|Win32
		{CD8F1B71-38E3-4FAD-A5E0-09C7757D8F42}.Release|Win32.ActiveCfg = Release|Win32
		{CD8F1B71-38E3-4FAD-A5E0-09C7757D8F42}.Release|Win32.Build.0 = Release|Win32
		{CD8F1B71-38E3-4FAD-A5E0-09C7757D8F42}.MinSizeRel|Win32.ActiveCfg = MinSizeRel|Win32
		{CD8F1B71-38E3-4FAD-A5E0-09C7757D8F42}.MinSizeRel|Win32.Build.0 = MinSizeRel|Win32
		{CD8F1B71-38E3-4FAD-A5E0-09C7757D8F42}.RelWithDebInfo|Win32.ActiveCfg = RelWithDebInfo|Win32
		{CD8F1B71-38E3-4FAD-A5E0-09C7757D8F42}.RelWithDebInfo|Win32.Build.0 = RelWithDebInfo|Win32
		{9CDD4065-9B2E-400C-A149-D3A7418E5733}.Debug|Win32.ActiveCfg = Debug|Win32
		{9CDD4065-9B2E-400C-A149-D3A7418E5733}.Debug|Win32.Build.0 = Debug|Win32
		{9CDD4065-9B2E-400C-A149-D3A7418E5733}.Release|Win32.ActiveCfg = Release|Win32
		{9CDD4065-9B2E-400C-A149-D3A7418E5733}.Release|Win32.Build.0 = Release|Win32
		{9CDD4065-9B2E-400C-A149-D3A7418E5733}.MinSizeRel|Win32.ActiveCfg = MinSizeRel|Win32
		{9CDD4065-9B2E-400C-A149-D3A7418E5733}.MinSizeRel|Win32.Build.0 = MinSizeRel|Win32
		{9CDD4065-9B2E-400C-A149-D3A7418E5733}.RelWithDebInfo|Win32.ActiveCfg = RelWithDebInfo|Win32
		{9CDD4065-9B2E-400C-A149-D3A7418E5733}.RelWithDebInfo|Win32.Build.0 = RelWithDebInfo|Win32
		{004F3685-E17B-479B-B956-C3D643F680E3}.Debug|Win32.ActiveCfg = Debug|Win32
		{004F3685-E17B-479B-B956-C3D643F680E3}.Debug|Win32.Build.0 = Debug|Win32
		{004F3685-E17B-479B-B956-C3D643F680E3}.Release|Win32.ActiveCfg = Release|Win32
		{004F3685-E17B-479B-B956-C3D643F680E3}.Release|Win32.Build.0 = Release|Win32
		{004F3685-E17B-479B-B956-C3D643F680E3}.MinSizeRel|Win32.ActiveCfg = MinSizeRel|Win32
		{004F3685-E17B-479B-B956-C3D643F680E3}.MinSizeRel|Win32.Build.0 = MinSizeRel|Win32
		{004F3685-E17B-479B-B956-C3D643F680E3}.RelWithDebInfo|Win32.ActiveCfg = RelWithDebInfo|Win32
		{004F3685-E17B-479B-B956-C3D643F680E3}.RelWithDebInfo|Win32.Build.0 = RelWithDebInfo|Win32
		{0543E101-3D03-49C8-97B1-5B34928BC4A6}.Debug|Win32.ActiveCfg = Debug|Win32
		{0543E101-3D03-49C8-97B1-5B34928BC4A6}.Debug|Win32.Build.0 = Debug|Win32
		{0543E101-3D03-49C8-97B1-5B34928BC4A6}.Release|Win32.ActiveCfg = Release|Win32
		{0543E101-3D03-49C8-97B1-5B34928BC4A6}.Release|Win32.Build.0 = Release|Win32
		{0543E101-3D03-49C8-97B1-5B34928BC4A6}.MinSizeRel|Win32.ActiveCfg = MinSizeRel|Win32
		{0543E101-3D03-49C8-97B1-5B34928BC4A6}.MinSizeRel|Win32.Build.0 = MinSizeRel|Win32
		{0543E101-3D03-49C8-97B1-5B34928BC4A6}.RelWithDebInfo|Win32.ActiveCfg = RelWithDebInfo|Win32
		{0543E101-3D03-49C8-97B1-5B34928BC4A6}.RelWithDebInfo|Win32.Build.0 = RelWithDebInfo|Win32
		{0F68C72A-DB52-4434-9325-3A810ACCA9A3}.Debug|Win32.ActiveCfg = Debug|Win32
		{0F68C72A-DB52-4434-9325-3A810ACCA9A3}.Debug|Win32.Build.0 = Debug|Win32
		{0F68C72A-DB52-4434-9325-3A810ACCA9A3}.Release|Win32.ActiveCfg = Release|Win32
		{0F68C72A-DB52-4434-9325-3A810ACCA9A3}.Release|Win32.Build.0 = Release|Win32
		{0F68C72A-DB52-4434-9325-3A810ACCA9A3}.MinSizeRel|Win32.ActiveCfg = MinSizeRel|Win32
		{0F68C72A-DB52-4434-9325-3A810ACCA9A3}.MinSizeRel|Win32.Build.0 = MinSizeRel|Win32
		{0F68C72A-DB52-4434-9325-3A810ACCA9A3}.RelWithDebInfo|Win32.ActiveCfg = RelWithDebInfo|Win32
		{0F68C72A-DB52-4434-9325-3A810ACCA9A3}.RelWithDebInfo|Win32.Build.0 = RelWithDebInfo|Win32
		{8EECFF4E-B435-4B8F-B9CE-83F291D2F2A3}.Debug|Win32.ActiveCfg = Debug|Win32
		{8EECFF4E-B435-4B8F-B9CE-83F291D2F2A3}.Debug|Win32.Build.0 = Debug|Win32
		{8EECFF4E-B435-4B8F-B9CE-83F291D2F2A3}.Release|Win32.ActiveCfg = Release|Win32
		{8EECFF4E-B435-4B8F-B9CE-83F291D2F2A3}.Release|Win32.Build.0 = Release|Win32
		{8EECFF4E-B435-4B8F-B9CE-83F291D2F2A3}.MinSizeRel|Win32.ActiveCfg = MinSizeRel|Win32
		{8EECFF4E-B435-4B8F-B9CE-83F291D2F2A3}.MinSizeRel|Win32.Build.0 = MinSizeRel|Win32
		{8EECFF4E-B435-4B8F-B9CE-83F291D2F2A3}.RelWithDebInfo|Win32.ActiveCfg = RelWithDebInfo|Win32
		{8EECFF4E-B435-4B8F-B9CE-83F291D2F2A3}.RelWithDebInfo|Win32.Build.0 = RelWithDebInfo|Win32
	EndGlobalSection
	GlobalSection(ExtensibilityGlobals) = postSolution
	EndGlobalSection
	GlobalSection(ExtensibilityAddIns) = postSolution
	EndGlobalSection
EndGlobal
