Microsoft Visual Studio Solution File, Format Version 12.00
# Visual Studio Express 2012 for Windows Desktop
Project("{8BC9CEB8-8B4A-11D0-8D11-00A0C91BC942}") = "ALL_BUILD", "ALL_BUILD.vcxproj", "{72CB39F2-3FB7-4EF1-8158-851E6EF501C6}"
	ProjectSection(ProjectDependencies) = postProject
		{32073890-F863-4684-AB76-CBB388898FD6} = {32073890-F863-4684-AB76-CBB388898FD6}
		{D50FDBDB-40A3-414B-8763-4FB52A265499} = {D50FDBDB-40A3-414B-8763-4FB52A265499}
		{819F5F58-13AD-49F3-ACAA-D788B1E2274A} = {819F5F58-13AD-49F3-ACAA-D788B1E2274A}
		{D262690F-E9D7-431B-A96B-E369D8837B60} = {D262690F-E9D7-431B-A96B-E369D8837B60}
		{FBAF3A56-3591-405F-BDD3-A8A65AB3F702} = {FBAF3A56-3591-405F-BDD3-A8A65AB3F702}
		{C3148BCD-7616-4B53-A68C-D4097968AB42} = {C3148BCD-7616-4B53-A68C-D4097968AB42}
		{88BFE805-F59A-43CA-ABF9-A08D3C7584B7} = {88BFE805-F59A-43CA-ABF9-A08D3C7584B7}
		{77610CF4-E7F8-42A8-9950-099F2EE87CD4} = {77610CF4-E7F8-42A8-9950-099F2EE87CD4}
		{0EFE6945-AD1E-404F-BC0B-E6D45B4E86D0} = {0EFE6945-AD1E-404F-BC0B-E6D45B4E86D0}
		{733C0267-DAF4-472B-AE84-F18383028437} = {733C0267-DAF4-472B-AE84-F18383028437}
		{F013A25A-BB5A-41DF-B027-6694EBCF14B5} = {F013A25A-BB5A-41DF-B027-6694EBCF14B5}
		{15BE3B46-D94C-498F-BF92-0902A3EC3FDB} = {15BE3B46-D94C-498F-BF92-0902A3EC3FDB}
		{E9812A18-0138-45BE-A1CF-BF853C500670} = {E9812A18-0138-45BE-A1CF-BF853C500670}
		{AB62C8A0-0344-47C3-B19E-B0A0E9D7DABC} = {AB62C8A0-0344-47C3-B19E-B0A0E9D7DABC}
		{75066103-AB71-4E7A-800E-1DA8E530CE0E} = {75066103-AB71-4E7A-800E-1DA8E530CE0E}
		{E01E8BF9-A8D4-41A0-B4C2-BE73D314FB9C} = {E01E8BF9-A8D4-41A0-B4C2-BE73D314FB9C}
		{4969E042-BD77-4A34-AB50-8D982EDF21AE} = {4969E042-BD77-4A34-AB50-8D982EDF21AE}
		{8430F90F-0744-482D-AB4A-055B9FD17097} = {8430F90F-0744-482D-AB4A-055B9FD17097}
		{0F310FAE-E59C-45E5-ADE5-A38D889E814D} = {0F310FAE-E59C-45E5-ADE5-A38D889E814D}
	EndProjectSection
EndProject
Project("{8BC9CEB8-8B4A-11D0-8D11-00A0C91BC942}") = "INSTALL", "INSTALL.vcxproj", "{F4B68CA5-2CF9-40F1-852C-817521CE19AE}"
	ProjectSection(ProjectDependencies) = postProject
		{72CB39F2-3FB7-4EF1-8158-851E6EF501C6} = {72CB39F2-3FB7-4EF1-8158-851E6EF501C6}
	EndProjectSection
EndProject
Project("{8BC9CEB8-8B4A-11D0-8D11-00A0C91BC942}") = "PACKAGE", "PACKAGE.vcxproj", "{371F637A-ABA8-469F-A285-E0A66916DAB1}"
	ProjectSection(ProjectDependencies) = postProject
		{72CB39F2-3FB7-4EF1-8158-851E6EF501C6} = {72CB39F2-3FB7-4EF1-8158-851E6EF501C6}
	EndProjectSection
EndProject
Project("{8BC9CEB8-8B4A-11D0-8D11-00A0C91BC942}") = "RUN_TESTS", "RUN_TESTS.vcxproj", "{20868601-8698-4CEA-BD6F-658120705F38}"
	ProjectSection(ProjectDependencies) = postProject
	EndProjectSection
EndProject
Project("{8BC9CEB8-8B4A-11D0-8D11-00A0C91BC942}") = "YARP_OS", "src\libYARP_OS\YARP_OS.vcxproj", "{32073890-F863-4684-AB76-CBB388898FD6}"
	ProjectSection(ProjectDependencies) = postProject
		{77610CF4-E7F8-42A8-9950-099F2EE87CD4} = {77610CF4-E7F8-42A8-9950-099F2EE87CD4}
	EndProjectSection
EndProject
Project("{8BC9CEB8-8B4A-11D0-8D11-00A0C91BC942}") = "YARP_dev", "src\libYARP_dev\YARP_dev.vcxproj", "{D50FDBDB-40A3-414B-8763-4FB52A265499}"
	ProjectSection(ProjectDependencies) = postProject
		{32073890-F863-4684-AB76-CBB388898FD6} = {32073890-F863-4684-AB76-CBB388898FD6}
		{88BFE805-F59A-43CA-ABF9-A08D3C7584B7} = {88BFE805-F59A-43CA-ABF9-A08D3C7584B7}
		{77610CF4-E7F8-42A8-9950-099F2EE87CD4} = {77610CF4-E7F8-42A8-9950-099F2EE87CD4}
	EndProjectSection
EndProject
Project("{8BC9CEB8-8B4A-11D0-8D11-00A0C91BC942}") = "YARP_init", "src\libYARP_init\YARP_init.vcxproj", "{819F5F58-13AD-49F3-ACAA-D788B1E2274A}"
	ProjectSection(ProjectDependencies) = postProject
		{32073890-F863-4684-AB76-CBB388898FD6} = {32073890-F863-4684-AB76-CBB388898FD6}
		{77610CF4-E7F8-42A8-9950-099F2EE87CD4} = {77610CF4-E7F8-42A8-9950-099F2EE87CD4}
	EndProjectSection
EndProject
Project("{8BC9CEB8-8B4A-11D0-8D11-00A0C91BC942}") = "YARP_name", "src\libYARP_name\YARP_name.vcxproj", "{D262690F-E9D7-431B-A96B-E369D8837B60}"
	ProjectSection(ProjectDependencies) = postProject
		{32073890-F863-4684-AB76-CBB388898FD6} = {32073890-F863-4684-AB76-CBB388898FD6}
		{77610CF4-E7F8-42A8-9950-099F2EE87CD4} = {77610CF4-E7F8-42A8-9950-099F2EE87CD4}
	EndProjectSection
EndProject
Project("{8BC9CEB8-8B4A-11D0-8D11-00A0C91BC942}") = "YARP_priv_sqlite", "extern\sqlite\YARP_priv_sqlite.vcxproj", "{FBAF3A56-3591-405F-BDD3-A8A65AB3F702}"
	ProjectSection(ProjectDependencies) = postProject
		{77610CF4-E7F8-42A8-9950-099F2EE87CD4} = {77610CF4-E7F8-42A8-9950-099F2EE87CD4}
	EndProjectSection
EndProject
Project("{8BC9CEB8-8B4A-11D0-8D11-00A0C91BC942}") = "YARP_serversql", "src\yarpserver\YARP_serversql.vcxproj", "{C3148BCD-7616-4B53-A68C-D4097968AB42}"
	ProjectSection(ProjectDependencies) = postProject
		{32073890-F863-4684-AB76-CBB388898FD6} = {32073890-F863-4684-AB76-CBB388898FD6}
		{819F5F58-13AD-49F3-ACAA-D788B1E2274A} = {819F5F58-13AD-49F3-ACAA-D788B1E2274A}
		{D262690F-E9D7-431B-A96B-E369D8837B60} = {D262690F-E9D7-431B-A96B-E369D8837B60}
		{FBAF3A56-3591-405F-BDD3-A8A65AB3F702} = {FBAF3A56-3591-405F-BDD3-A8A65AB3F702}
		{77610CF4-E7F8-42A8-9950-099F2EE87CD4} = {77610CF4-E7F8-42A8-9950-099F2EE87CD4}
	EndProjectSection
EndProject
Project("{8BC9CEB8-8B4A-11D0-8D11-00A0C91BC942}") = "YARP_sig", "src\libYARP_sig\YARP_sig.vcxproj", "{88BFE805-F59A-43CA-ABF9-A08D3C7584B7}"
	ProjectSection(ProjectDependencies) = postProject
		{32073890-F863-4684-AB76-CBB388898FD6} = {32073890-F863-4684-AB76-CBB388898FD6}
		{77610CF4-E7F8-42A8-9950-099F2EE87CD4} = {77610CF4-E7F8-42A8-9950-099F2EE87CD4}
	EndProjectSection
EndProject
Project("{8BC9CEB8-8B4A-11D0-8D11-00A0C91BC942}") = "ZERO_CHECK", "ZERO_CHECK.vcxproj", "{77610CF4-E7F8-42A8-9950-099F2EE87CD4}"
	ProjectSection(ProjectDependencies) = postProject
	EndProjectSection
EndProject
Project("{8BC9CEB8-8B4A-11D0-8D11-00A0C91BC942}") = "dox", "dox.vcxproj", "{128BE9A4-6C53-49E7-B992-817808A6E8AD}"
	ProjectSection(ProjectDependencies) = postProject
		{77610CF4-E7F8-42A8-9950-099F2EE87CD4} = {77610CF4-E7F8-42A8-9950-099F2EE87CD4}
	EndProjectSection
EndProject
Project("{8BC9CEB8-8B4A-11D0-8D11-00A0C91BC942}") = "harness_dev", "src\tests\harness_dev.vcxproj", "{0EFE6945-AD1E-404F-BC0B-E6D45B4E86D0}"
	ProjectSection(ProjectDependencies) = postProject
		{32073890-F863-4684-AB76-CBB388898FD6} = {32073890-F863-4684-AB76-CBB388898FD6}
		{D50FDBDB-40A3-414B-8763-4FB52A265499} = {D50FDBDB-40A3-414B-8763-4FB52A265499}
		{819F5F58-13AD-49F3-ACAA-D788B1E2274A} = {819F5F58-13AD-49F3-ACAA-D788B1E2274A}
		{D262690F-E9D7-431B-A96B-E369D8837B60} = {D262690F-E9D7-431B-A96B-E369D8837B60}
		{FBAF3A56-3591-405F-BDD3-A8A65AB3F702} = {FBAF3A56-3591-405F-BDD3-A8A65AB3F702}
		{C3148BCD-7616-4B53-A68C-D4097968AB42} = {C3148BCD-7616-4B53-A68C-D4097968AB42}
		{88BFE805-F59A-43CA-ABF9-A08D3C7584B7} = {88BFE805-F59A-43CA-ABF9-A08D3C7584B7}
		{77610CF4-E7F8-42A8-9950-099F2EE87CD4} = {77610CF4-E7F8-42A8-9950-099F2EE87CD4}
	EndProjectSection
EndProject
Project("{8BC9CEB8-8B4A-11D0-8D11-00A0C91BC942}") = "harness_os", "src\tests\harness_os.vcxproj", "{733C0267-DAF4-472B-AE84-F18383028437}"
	ProjectSection(ProjectDependencies) = postProject
		{32073890-F863-4684-AB76-CBB388898FD6} = {32073890-F863-4684-AB76-CBB388898FD6}
		{D50FDBDB-40A3-414B-8763-4FB52A265499} = {D50FDBDB-40A3-414B-8763-4FB52A265499}
		{819F5F58-13AD-49F3-ACAA-D788B1E2274A} = {819F5F58-13AD-49F3-ACAA-D788B1E2274A}
		{D262690F-E9D7-431B-A96B-E369D8837B60} = {D262690F-E9D7-431B-A96B-E369D8837B60}
		{FBAF3A56-3591-405F-BDD3-A8A65AB3F702} = {FBAF3A56-3591-405F-BDD3-A8A65AB3F702}
		{C3148BCD-7616-4B53-A68C-D4097968AB42} = {C3148BCD-7616-4B53-A68C-D4097968AB42}
		{88BFE805-F59A-43CA-ABF9-A08D3C7584B7} = {88BFE805-F59A-43CA-ABF9-A08D3C7584B7}
		{77610CF4-E7F8-42A8-9950-099F2EE87CD4} = {77610CF4-E7F8-42A8-9950-099F2EE87CD4}
	EndProjectSection
EndProject
Project("{8BC9CEB8-8B4A-11D0-8D11-00A0C91BC942}") = "harness_sig", "src\tests\harness_sig.vcxproj", "{F013A25A-BB5A-41DF-B027-6694EBCF14B5}"
	ProjectSection(ProjectDependencies) = postProject
		{32073890-F863-4684-AB76-CBB388898FD6} = {32073890-F863-4684-AB76-CBB388898FD6}
		{D50FDBDB-40A3-414B-8763-4FB52A265499} = {D50FDBDB-40A3-414B-8763-4FB52A265499}
		{819F5F58-13AD-49F3-ACAA-D788B1E2274A} = {819F5F58-13AD-49F3-ACAA-D788B1E2274A}
		{D262690F-E9D7-431B-A96B-E369D8837B60} = {D262690F-E9D7-431B-A96B-E369D8837B60}
		{FBAF3A56-3591-405F-BDD3-A8A65AB3F702} = {FBAF3A56-3591-405F-BDD3-A8A65AB3F702}
		{C3148BCD-7616-4B53-A68C-D4097968AB42} = {C3148BCD-7616-4B53-A68C-D4097968AB42}
		{88BFE805-F59A-43CA-ABF9-A08D3C7584B7} = {88BFE805-F59A-43CA-ABF9-A08D3C7584B7}
		{77610CF4-E7F8-42A8-9950-099F2EE87CD4} = {77610CF4-E7F8-42A8-9950-099F2EE87CD4}
	EndProjectSection
EndProject
Project("{8BC9CEB8-8B4A-11D0-8D11-00A0C91BC942}") = "man", "man.vcxproj", "{17E14E2A-AB17-4B97-9341-39DF99672873}"
	ProjectSection(ProjectDependencies) = postProject
		{77610CF4-E7F8-42A8-9950-099F2EE87CD4} = {77610CF4-E7F8-42A8-9950-099F2EE87CD4}
	EndProjectSection
EndProject
Project("{8BC9CEB8-8B4A-11D0-8D11-00A0C91BC942}") = "testModule", "src\tests\testModule.vcxproj", "{15BE3B46-D94C-498F-BF92-0902A3EC3FDB}"
	ProjectSection(ProjectDependencies) = postProject
		{32073890-F863-4684-AB76-CBB388898FD6} = {32073890-F863-4684-AB76-CBB388898FD6}
		{819F5F58-13AD-49F3-ACAA-D788B1E2274A} = {819F5F58-13AD-49F3-ACAA-D788B1E2274A}
		{77610CF4-E7F8-42A8-9950-099F2EE87CD4} = {77610CF4-E7F8-42A8-9950-099F2EE87CD4}
	EndProjectSection
EndProject
Project("{8BC9CEB8-8B4A-11D0-8D11-00A0C91BC942}") = "uninstall", "uninstall.vcxproj", "{3D9AAC63-1314-4C44-8D12-834141C59600}"
	ProjectSection(ProjectDependencies) = postProject
		{77610CF4-E7F8-42A8-9950-099F2EE87CD4} = {77610CF4-E7F8-42A8-9950-099F2EE87CD4}
	EndProjectSection
EndProject
Project("{8BC9CEB8-8B4A-11D0-8D11-00A0C91BC942}") = "yarp", "src\yarp\yarp.vcxproj", "{E9812A18-0138-45BE-A1CF-BF853C500670}"
	ProjectSection(ProjectDependencies) = postProject
		{32073890-F863-4684-AB76-CBB388898FD6} = {32073890-F863-4684-AB76-CBB388898FD6}
		{819F5F58-13AD-49F3-ACAA-D788B1E2274A} = {819F5F58-13AD-49F3-ACAA-D788B1E2274A}
		{D262690F-E9D7-431B-A96B-E369D8837B60} = {D262690F-E9D7-431B-A96B-E369D8837B60}
		{FBAF3A56-3591-405F-BDD3-A8A65AB3F702} = {FBAF3A56-3591-405F-BDD3-A8A65AB3F702}
		{C3148BCD-7616-4B53-A68C-D4097968AB42} = {C3148BCD-7616-4B53-A68C-D4097968AB42}
		{77610CF4-E7F8-42A8-9950-099F2EE87CD4} = {77610CF4-E7F8-42A8-9950-099F2EE87CD4}
	EndProjectSection
EndProject
Project("{8BC9CEB8-8B4A-11D0-8D11-00A0C91BC942}") = "yarp-config", "src\yarp\yarp-config.vcxproj", "{AB62C8A0-0344-47C3-B19E-B0A0E9D7DABC}"
	ProjectSection(ProjectDependencies) = postProject
		{32073890-F863-4684-AB76-CBB388898FD6} = {32073890-F863-4684-AB76-CBB388898FD6}
		{819F5F58-13AD-49F3-ACAA-D788B1E2274A} = {819F5F58-13AD-49F3-ACAA-D788B1E2274A}
		{77610CF4-E7F8-42A8-9950-099F2EE87CD4} = {77610CF4-E7F8-42A8-9950-099F2EE87CD4}
	EndProjectSection
EndProject
Project("{8BC9CEB8-8B4A-11D0-8D11-00A0C91BC942}") = "yarpdev", "src\yarpdev\yarpdev.vcxproj", "{75066103-AB71-4E7A-800E-1DA8E530CE0E}"
	ProjectSection(ProjectDependencies) = postProject
		{D50FDBDB-40A3-414B-8763-4FB52A265499} = {D50FDBDB-40A3-414B-8763-4FB52A265499}
		{819F5F58-13AD-49F3-ACAA-D788B1E2274A} = {819F5F58-13AD-49F3-ACAA-D788B1E2274A}
		{77610CF4-E7F8-42A8-9950-099F2EE87CD4} = {77610CF4-E7F8-42A8-9950-099F2EE87CD4}
	EndProjectSection
EndProject
Project("{8BC9CEB8-8B4A-11D0-8D11-00A0C91BC942}") = "yarprun", "src\yarprun\yarprun.vcxproj", "{E01E8BF9-A8D4-41A0-B4C2-BE73D314FB9C}"
	ProjectSection(ProjectDependencies) = postProject
		{32073890-F863-4684-AB76-CBB388898FD6} = {32073890-F863-4684-AB76-CBB388898FD6}
		{819F5F58-13AD-49F3-ACAA-D788B1E2274A} = {819F5F58-13AD-49F3-ACAA-D788B1E2274A}
		{77610CF4-E7F8-42A8-9950-099F2EE87CD4} = {77610CF4-E7F8-42A8-9950-099F2EE87CD4}
	EndProjectSection
EndProject
Project("{8BC9CEB8-8B4A-11D0-8D11-00A0C91BC942}") = "yarpserver", "src\yarpserver\yarpserver.vcxproj", "{4969E042-BD77-4A34-AB50-8D982EDF21AE}"
	ProjectSection(ProjectDependencies) = postProject
		{32073890-F863-4684-AB76-CBB388898FD6} = {32073890-F863-4684-AB76-CBB388898FD6}
		{819F5F58-13AD-49F3-ACAA-D788B1E2274A} = {819F5F58-13AD-49F3-ACAA-D788B1E2274A}
		{D262690F-E9D7-431B-A96B-E369D8837B60} = {D262690F-E9D7-431B-A96B-E369D8837B60}
		{FBAF3A56-3591-405F-BDD3-A8A65AB3F702} = {FBAF3A56-3591-405F-BDD3-A8A65AB3F702}
		{C3148BCD-7616-4B53-A68C-D4097968AB42} = {C3148BCD-7616-4B53-A68C-D4097968AB42}
		{77610CF4-E7F8-42A8-9950-099F2EE87CD4} = {77610CF4-E7F8-42A8-9950-099F2EE87CD4}
	EndProjectSection
EndProject
Project("{8BC9CEB8-8B4A-11D0-8D11-00A0C91BC942}") = "yarpserver2", "src\yarp\yarpserver2.vcxproj", "{8430F90F-0744-482D-AB4A-055B9FD17097}"
	ProjectSection(ProjectDependencies) = postProject
		{32073890-F863-4684-AB76-CBB388898FD6} = {32073890-F863-4684-AB76-CBB388898FD6}
		{819F5F58-13AD-49F3-ACAA-D788B1E2274A} = {819F5F58-13AD-49F3-ACAA-D788B1E2274A}
		{77610CF4-E7F8-42A8-9950-099F2EE87CD4} = {77610CF4-E7F8-42A8-9950-099F2EE87CD4}
	EndProjectSection
EndProject
Project("{8BC9CEB8-8B4A-11D0-8D11-00A0C91BC942}") = "yarpserver3", "src\yarpserver\yarpserver3.vcxproj", "{0F310FAE-E59C-45E5-ADE5-A38D889E814D}"
	ProjectSection(ProjectDependencies) = postProject
		{32073890-F863-4684-AB76-CBB388898FD6} = {32073890-F863-4684-AB76-CBB388898FD6}
		{819F5F58-13AD-49F3-ACAA-D788B1E2274A} = {819F5F58-13AD-49F3-ACAA-D788B1E2274A}
		{D262690F-E9D7-431B-A96B-E369D8837B60} = {D262690F-E9D7-431B-A96B-E369D8837B60}
		{FBAF3A56-3591-405F-BDD3-A8A65AB3F702} = {FBAF3A56-3591-405F-BDD3-A8A65AB3F702}
		{C3148BCD-7616-4B53-A68C-D4097968AB42} = {C3148BCD-7616-4B53-A68C-D4097968AB42}
		{77610CF4-E7F8-42A8-9950-099F2EE87CD4} = {77610CF4-E7F8-42A8-9950-099F2EE87CD4}
	EndProjectSection
EndProject
Global
	GlobalSection(SolutionConfigurationPlatforms) = preSolution
		Debug|Win32 = Debug|Win32
		Release|Win32 = Release|Win32
		MinSizeRel|Win32 = MinSizeRel|Win32
		RelWithDebInfo|Win32 = RelWithDebInfo|Win32
	EndGlobalSection
	GlobalSection(ProjectConfigurationPlatforms) = postSolution
		{72CB39F2-3FB7-4EF1-8158-851E6EF501C6}.Debug|Win32.ActiveCfg = Debug|Win32
		{72CB39F2-3FB7-4EF1-8158-851E6EF501C6}.Debug|Win32.Build.0 = Debug|Win32
		{72CB39F2-3FB7-4EF1-8158-851E6EF501C6}.Release|Win32.ActiveCfg = Release|Win32
		{72CB39F2-3FB7-4EF1-8158-851E6EF501C6}.Release|Win32.Build.0 = Release|Win32
		{72CB39F2-3FB7-4EF1-8158-851E6EF501C6}.MinSizeRel|Win32.ActiveCfg = MinSizeRel|Win32
		{72CB39F2-3FB7-4EF1-8158-851E6EF501C6}.MinSizeRel|Win32.Build.0 = MinSizeRel|Win32
		{72CB39F2-3FB7-4EF1-8158-851E6EF501C6}.RelWithDebInfo|Win32.ActiveCfg = RelWithDebInfo|Win32
		{72CB39F2-3FB7-4EF1-8158-851E6EF501C6}.RelWithDebInfo|Win32.Build.0 = RelWithDebInfo|Win32
		{F4B68CA5-2CF9-40F1-852C-817521CE19AE}.Debug|Win32.ActiveCfg = Debug|Win32
		{F4B68CA5-2CF9-40F1-852C-817521CE19AE}.Release|Win32.ActiveCfg = Release|Win32
		{F4B68CA5-2CF9-40F1-852C-817521CE19AE}.MinSizeRel|Win32.ActiveCfg = MinSizeRel|Win32
		{F4B68CA5-2CF9-40F1-852C-817521CE19AE}.RelWithDebInfo|Win32.ActiveCfg = RelWithDebInfo|Win32
		{371F637A-ABA8-469F-A285-E0A66916DAB1}.Debug|Win32.ActiveCfg = Debug|Win32
		{371F637A-ABA8-469F-A285-E0A66916DAB1}.Release|Win32.ActiveCfg = Release|Win32
		{371F637A-ABA8-469F-A285-E0A66916DAB1}.MinSizeRel|Win32.ActiveCfg = MinSizeRel|Win32
		{371F637A-ABA8-469F-A285-E0A66916DAB1}.RelWithDebInfo|Win32.ActiveCfg = RelWithDebInfo|Win32
		{20868601-8698-4CEA-BD6F-658120705F38}.Debug|Win32.ActiveCfg = Debug|Win32
		{20868601-8698-4CEA-BD6F-658120705F38}.Release|Win32.ActiveCfg = Release|Win32
		{20868601-8698-4CEA-BD6F-658120705F38}.MinSizeRel|Win32.ActiveCfg = MinSizeRel|Win32
		{20868601-8698-4CEA-BD6F-658120705F38}.RelWithDebInfo|Win32.ActiveCfg = RelWithDebInfo|Win32
		{32073890-F863-4684-AB76-CBB388898FD6}.Debug|Win32.ActiveCfg = Debug|Win32
		{32073890-F863-4684-AB76-CBB388898FD6}.Debug|Win32.Build.0 = Debug|Win32
		{32073890-F863-4684-AB76-CBB388898FD6}.Release|Win32.ActiveCfg = Release|Win32
		{32073890-F863-4684-AB76-CBB388898FD6}.Release|Win32.Build.0 = Release|Win32
		{32073890-F863-4684-AB76-CBB388898FD6}.MinSizeRel|Win32.ActiveCfg = MinSizeRel|Win32
		{32073890-F863-4684-AB76-CBB388898FD6}.MinSizeRel|Win32.Build.0 = MinSizeRel|Win32
		{32073890-F863-4684-AB76-CBB388898FD6}.RelWithDebInfo|Win32.ActiveCfg = RelWithDebInfo|Win32
		{32073890-F863-4684-AB76-CBB388898FD6}.RelWithDebInfo|Win32.Build.0 = RelWithDebInfo|Win32
		{D50FDBDB-40A3-414B-8763-4FB52A265499}.Debug|Win32.ActiveCfg = Debug|Win32
		{D50FDBDB-40A3-414B-8763-4FB52A265499}.Debug|Win32.Build.0 = Debug|Win32
		{D50FDBDB-40A3-414B-8763-4FB52A265499}.Release|Win32.ActiveCfg = Release|Win32
		{D50FDBDB-40A3-414B-8763-4FB52A265499}.Release|Win32.Build.0 = Release|Win32
		{D50FDBDB-40A3-414B-8763-4FB52A265499}.MinSizeRel|Win32.ActiveCfg = MinSizeRel|Win32
		{D50FDBDB-40A3-414B-8763-4FB52A265499}.MinSizeRel|Win32.Build.0 = MinSizeRel|Win32
		{D50FDBDB-40A3-414B-8763-4FB52A265499}.RelWithDebInfo|Win32.ActiveCfg = RelWithDebInfo|Win32
		{D50FDBDB-40A3-414B-8763-4FB52A265499}.RelWithDebInfo|Win32.Build.0 = RelWithDebInfo|Win32
		{819F5F58-13AD-49F3-ACAA-D788B1E2274A}.Debug|Win32.ActiveCfg = Debug|Win32
		{819F5F58-13AD-49F3-ACAA-D788B1E2274A}.Debug|Win32.Build.0 = Debug|Win32
		{819F5F58-13AD-49F3-ACAA-D788B1E2274A}.Release|Win32.ActiveCfg = Release|Win32
		{819F5F58-13AD-49F3-ACAA-D788B1E2274A}.Release|Win32.Build.0 = Release|Win32
		{819F5F58-13AD-49F3-ACAA-D788B1E2274A}.MinSizeRel|Win32.ActiveCfg = MinSizeRel|Win32
		{819F5F58-13AD-49F3-ACAA-D788B1E2274A}.MinSizeRel|Win32.Build.0 = MinSizeRel|Win32
		{819F5F58-13AD-49F3-ACAA-D788B1E2274A}.RelWithDebInfo|Win32.ActiveCfg = RelWithDebInfo|Win32
		{819F5F58-13AD-49F3-ACAA-D788B1E2274A}.RelWithDebInfo|Win32.Build.0 = RelWithDebInfo|Win32
		{D262690F-E9D7-431B-A96B-E369D8837B60}.Debug|Win32.ActiveCfg = Debug|Win32
		{D262690F-E9D7-431B-A96B-E369D8837B60}.Debug|Win32.Build.0 = Debug|Win32
		{D262690F-E9D7-431B-A96B-E369D8837B60}.Release|Win32.ActiveCfg = Release|Win32
		{D262690F-E9D7-431B-A96B-E369D8837B60}.Release|Win32.Build.0 = Release|Win32
		{D262690F-E9D7-431B-A96B-E369D8837B60}.MinSizeRel|Win32.ActiveCfg = MinSizeRel|Win32
		{D262690F-E9D7-431B-A96B-E369D8837B60}.MinSizeRel|Win32.Build.0 = MinSizeRel|Win32
		{D262690F-E9D7-431B-A96B-E369D8837B60}.RelWithDebInfo|Win32.ActiveCfg = RelWithDebInfo|Win32
		{D262690F-E9D7-431B-A96B-E369D8837B60}.RelWithDebInfo|Win32.Build.0 = RelWithDebInfo|Win32
		{FBAF3A56-3591-405F-BDD3-A8A65AB3F702}.Debug|Win32.ActiveCfg = Debug|Win32
		{FBAF3A56-3591-405F-BDD3-A8A65AB3F702}.Debug|Win32.Build.0 = Debug|Win32
		{FBAF3A56-3591-405F-BDD3-A8A65AB3F702}.Release|Win32.ActiveCfg = Release|Win32
		{FBAF3A56-3591-405F-BDD3-A8A65AB3F702}.Release|Win32.Build.0 = Release|Win32
		{FBAF3A56-3591-405F-BDD3-A8A65AB3F702}.MinSizeRel|Win32.ActiveCfg = MinSizeRel|Win32
		{FBAF3A56-3591-405F-BDD3-A8A65AB3F702}.MinSizeRel|Win32.Build.0 = MinSizeRel|Win32
		{FBAF3A56-3591-405F-BDD3-A8A65AB3F702}.RelWithDebInfo|Win32.ActiveCfg = RelWithDebInfo|Win32
		{FBAF3A56-3591-405F-BDD3-A8A65AB3F702}.RelWithDebInfo|Win32.Build.0 = RelWithDebInfo|Win32
		{C3148BCD-7616-4B53-A68C-D4097968AB42}.Debug|Win32.ActiveCfg = Debug|Win32
		{C3148BCD-7616-4B53-A68C-D4097968AB42}.Debug|Win32.Build.0 = Debug|Win32
		{C3148BCD-7616-4B53-A68C-D4097968AB42}.Release|Win32.ActiveCfg = Release|Win32
		{C3148BCD-7616-4B53-A68C-D4097968AB42}.Release|Win32.Build.0 = Release|Win32
		{C3148BCD-7616-4B53-A68C-D4097968AB42}.MinSizeRel|Win32.ActiveCfg = MinSizeRel|Win32
		{C3148BCD-7616-4B53-A68C-D4097968AB42}.MinSizeRel|Win32.Build.0 = MinSizeRel|Win32
		{C3148BCD-7616-4B53-A68C-D4097968AB42}.RelWithDebInfo|Win32.ActiveCfg = RelWithDebInfo|Win32
		{C3148BCD-7616-4B53-A68C-D4097968AB42}.RelWithDebInfo|Win32.Build.0 = RelWithDebInfo|Win32
		{88BFE805-F59A-43CA-ABF9-A08D3C7584B7}.Debug|Win32.ActiveCfg = Debug|Win32
		{88BFE805-F59A-43CA-ABF9-A08D3C7584B7}.Debug|Win32.Build.0 = Debug|Win32
		{88BFE805-F59A-43CA-ABF9-A08D3C7584B7}.Release|Win32.ActiveCfg = Release|Win32
		{88BFE805-F59A-43CA-ABF9-A08D3C7584B7}.Release|Win32.Build.0 = Release|Win32
		{88BFE805-F59A-43CA-ABF9-A08D3C7584B7}.MinSizeRel|Win32.ActiveCfg = MinSizeRel|Win32
		{88BFE805-F59A-43CA-ABF9-A08D3C7584B7}.MinSizeRel|Win32.Build.0 = MinSizeRel|Win32
		{88BFE805-F59A-43CA-ABF9-A08D3C7584B7}.RelWithDebInfo|Win32.ActiveCfg = RelWithDebInfo|Win32
		{88BFE805-F59A-43CA-ABF9-A08D3C7584B7}.RelWithDebInfo|Win32.Build.0 = RelWithDebInfo|Win32
		{77610CF4-E7F8-42A8-9950-099F2EE87CD4}.Debug|Win32.ActiveCfg = Debug|Win32
		{77610CF4-E7F8-42A8-9950-099F2EE87CD4}.Debug|Win32.Build.0 = Debug|Win32
		{77610CF4-E7F8-42A8-9950-099F2EE87CD4}.Release|Win32.ActiveCfg = Release|Win32
		{77610CF4-E7F8-42A8-9950-099F2EE87CD4}.Release|Win32.Build.0 = Release|Win32
		{77610CF4-E7F8-42A8-9950-099F2EE87CD4}.MinSizeRel|Win32.ActiveCfg = MinSizeRel|Win32
		{77610CF4-E7F8-42A8-9950-099F2EE87CD4}.MinSizeRel|Win32.Build.0 = MinSizeRel|Win32
		{77610CF4-E7F8-42A8-9950-099F2EE87CD4}.RelWithDebInfo|Win32.ActiveCfg = RelWithDebInfo|Win32
		{77610CF4-E7F8-42A8-9950-099F2EE87CD4}.RelWithDebInfo|Win32.Build.0 = RelWithDebInfo|Win32
		{128BE9A4-6C53-49E7-B992-817808A6E8AD}.Debug|Win32.ActiveCfg = Debug|Win32
		{128BE9A4-6C53-49E7-B992-817808A6E8AD}.Release|Win32.ActiveCfg = Release|Win32
		{128BE9A4-6C53-49E7-B992-817808A6E8AD}.MinSizeRel|Win32.ActiveCfg = MinSizeRel|Win32
		{128BE9A4-6C53-49E7-B992-817808A6E8AD}.RelWithDebInfo|Win32.ActiveCfg = RelWithDebInfo|Win32
		{0EFE6945-AD1E-404F-BC0B-E6D45B4E86D0}.Debug|Win32.ActiveCfg = Debug|Win32
		{0EFE6945-AD1E-404F-BC0B-E6D45B4E86D0}.Debug|Win32.Build.0 = Debug|Win32
		{0EFE6945-AD1E-404F-BC0B-E6D45B4E86D0}.Release|Win32.ActiveCfg = Release|Win32
		{0EFE6945-AD1E-404F-BC0B-E6D45B4E86D0}.Release|Win32.Build.0 = Release|Win32
		{0EFE6945-AD1E-404F-BC0B-E6D45B4E86D0}.MinSizeRel|Win32.ActiveCfg = MinSizeRel|Win32
		{0EFE6945-AD1E-404F-BC0B-E6D45B4E86D0}.MinSizeRel|Win32.Build.0 = MinSizeRel|Win32
		{0EFE6945-AD1E-404F-BC0B-E6D45B4E86D0}.RelWithDebInfo|Win32.ActiveCfg = RelWithDebInfo|Win32
		{0EFE6945-AD1E-404F-BC0B-E6D45B4E86D0}.RelWithDebInfo|Win32.Build.0 = RelWithDebInfo|Win32
		{733C0267-DAF4-472B-AE84-F18383028437}.Debug|Win32.ActiveCfg = Debug|Win32
		{733C0267-DAF4-472B-AE84-F18383028437}.Debug|Win32.Build.0 = Debug|Win32
		{733C0267-DAF4-472B-AE84-F18383028437}.Release|Win32.ActiveCfg = Release|Win32
		{733C0267-DAF4-472B-AE84-F18383028437}.Release|Win32.Build.0 = Release|Win32
		{733C0267-DAF4-472B-AE84-F18383028437}.MinSizeRel|Win32.ActiveCfg = MinSizeRel|Win32
		{733C0267-DAF4-472B-AE84-F18383028437}.MinSizeRel|Win32.Build.0 = MinSizeRel|Win32
		{733C0267-DAF4-472B-AE84-F18383028437}.RelWithDebInfo|Win32.ActiveCfg = RelWithDebInfo|Win32
		{733C0267-DAF4-472B-AE84-F18383028437}.RelWithDebInfo|Win32.Build.0 = RelWithDebInfo|Win32
		{F013A25A-BB5A-41DF-B027-6694EBCF14B5}.Debug|Win32.ActiveCfg = Debug|Win32
		{F013A25A-BB5A-41DF-B027-6694EBCF14B5}.Debug|Win32.Build.0 = Debug|Win32
		{F013A25A-BB5A-41DF-B027-6694EBCF14B5}.Release|Win32.ActiveCfg = Release|Win32
		{F013A25A-BB5A-41DF-B027-6694EBCF14B5}.Release|Win32.Build.0 = Release|Win32
		{F013A25A-BB5A-41DF-B027-6694EBCF14B5}.MinSizeRel|Win32.ActiveCfg = MinSizeRel|Win32
		{F013A25A-BB5A-41DF-B027-6694EBCF14B5}.MinSizeRel|Win32.Build.0 = MinSizeRel|Win32
		{F013A25A-BB5A-41DF-B027-6694EBCF14B5}.RelWithDebInfo|Win32.ActiveCfg = RelWithDebInfo|Win32
		{F013A25A-BB5A-41DF-B027-6694EBCF14B5}.RelWithDebInfo|Win32.Build.0 = RelWithDebInfo|Win32
		{17E14E2A-AB17-4B97-9341-39DF99672873}.Debug|Win32.ActiveCfg = Debug|Win32
		{17E14E2A-AB17-4B97-9341-39DF99672873}.Release|Win32.ActiveCfg = Release|Win32
		{17E14E2A-AB17-4B97-9341-39DF99672873}.MinSizeRel|Win32.ActiveCfg = MinSizeRel|Win32
		{17E14E2A-AB17-4B97-9341-39DF99672873}.RelWithDebInfo|Win32.ActiveCfg = RelWithDebInfo|Win32
		{15BE3B46-D94C-498F-BF92-0902A3EC3FDB}.Debug|Win32.ActiveCfg = Debug|Win32
		{15BE3B46-D94C-498F-BF92-0902A3EC3FDB}.Debug|Win32.Build.0 = Debug|Win32
		{15BE3B46-D94C-498F-BF92-0902A3EC3FDB}.Release|Win32.ActiveCfg = Release|Win32
		{15BE3B46-D94C-498F-BF92-0902A3EC3FDB}.Release|Win32.Build.0 = Release|Win32
		{15BE3B46-D94C-498F-BF92-0902A3EC3FDB}.MinSizeRel|Win32.ActiveCfg = MinSizeRel|Win32
		{15BE3B46-D94C-498F-BF92-0902A3EC3FDB}.MinSizeRel|Win32.Build.0 = MinSizeRel|Win32
		{15BE3B46-D94C-498F-BF92-0902A3EC3FDB}.RelWithDebInfo|Win32.ActiveCfg = RelWithDebInfo|Win32
		{15BE3B46-D94C-498F-BF92-0902A3EC3FDB}.RelWithDebInfo|Win32.Build.0 = RelWithDebInfo|Win32
		{3D9AAC63-1314-4C44-8D12-834141C59600}.Debug|Win32.ActiveCfg = Debug|Win32
		{3D9AAC63-1314-4C44-8D12-834141C59600}.Release|Win32.ActiveCfg = Release|Win32
		{3D9AAC63-1314-4C44-8D12-834141C59600}.MinSizeRel|Win32.ActiveCfg = MinSizeRel|Win32
		{3D9AAC63-1314-4C44-8D12-834141C59600}.RelWithDebInfo|Win32.ActiveCfg = RelWithDebInfo|Win32
		{E9812A18-0138-45BE-A1CF-BF853C500670}.Debug|Win32.ActiveCfg = Debug|Win32
		{E9812A18-0138-45BE-A1CF-BF853C500670}.Debug|Win32.Build.0 = Debug|Win32
		{E9812A18-0138-45BE-A1CF-BF853C500670}.Release|Win32.ActiveCfg = Release|Win32
		{E9812A18-0138-45BE-A1CF-BF853C500670}.Release|Win32.Build.0 = Release|Win32
		{E9812A18-0138-45BE-A1CF-BF853C500670}.MinSizeRel|Win32.ActiveCfg = MinSizeRel|Win32
		{E9812A18-0138-45BE-A1CF-BF853C500670}.MinSizeRel|Win32.Build.0 = MinSizeRel|Win32
		{E9812A18-0138-45BE-A1CF-BF853C500670}.RelWithDebInfo|Win32.ActiveCfg = RelWithDebInfo|Win32
		{E9812A18-0138-45BE-A1CF-BF853C500670}.RelWithDebInfo|Win32.Build.0 = RelWithDebInfo|Win32
		{AB62C8A0-0344-47C3-B19E-B0A0E9D7DABC}.Debug|Win32.ActiveCfg = Debug|Win32
		{AB62C8A0-0344-47C3-B19E-B0A0E9D7DABC}.Debug|Win32.Build.0 = Debug|Win32
		{AB62C8A0-0344-47C3-B19E-B0A0E9D7DABC}.Release|Win32.ActiveCfg = Release|Win32
		{AB62C8A0-0344-47C3-B19E-B0A0E9D7DABC}.Release|Win32.Build.0 = Release|Win32
		{AB62C8A0-0344-47C3-B19E-B0A0E9D7DABC}.MinSizeRel|Win32.ActiveCfg = MinSizeRel|Win32
		{AB62C8A0-0344-47C3-B19E-B0A0E9D7DABC}.MinSizeRel|Win32.Build.0 = MinSizeRel|Win32
		{AB62C8A0-0344-47C3-B19E-B0A0E9D7DABC}.RelWithDebInfo|Win32.ActiveCfg = RelWithDebInfo|Win32
		{AB62C8A0-0344-47C3-B19E-B0A0E9D7DABC}.RelWithDebInfo|Win32.Build.0 = RelWithDebInfo|Win32
		{75066103-AB71-4E7A-800E-1DA8E530CE0E}.Debug|Win32.ActiveCfg = Debug|Win32
		{75066103-AB71-4E7A-800E-1DA8E530CE0E}.Debug|Win32.Build.0 = Debug|Win32
		{75066103-AB71-4E7A-800E-1DA8E530CE0E}.Release|Win32.ActiveCfg = Release|Win32
		{75066103-AB71-4E7A-800E-1DA8E530CE0E}.Release|Win32.Build.0 = Release|Win32
		{75066103-AB71-4E7A-800E-1DA8E530CE0E}.MinSizeRel|Win32.ActiveCfg = MinSizeRel|Win32
		{75066103-AB71-4E7A-800E-1DA8E530CE0E}.MinSizeRel|Win32.Build.0 = MinSizeRel|Win32
		{75066103-AB71-4E7A-800E-1DA8E530CE0E}.RelWithDebInfo|Win32.ActiveCfg = RelWithDebInfo|Win32
		{75066103-AB71-4E7A-800E-1DA8E530CE0E}.RelWithDebInfo|Win32.Build.0 = RelWithDebInfo|Win32
		{E01E8BF9-A8D4-41A0-B4C2-BE73D314FB9C}.Debug|Win32.ActiveCfg = Debug|Win32
		{E01E8BF9-A8D4-41A0-B4C2-BE73D314FB9C}.Debug|Win32.Build.0 = Debug|Win32
		{E01E8BF9-A8D4-41A0-B4C2-BE73D314FB9C}.Release|Win32.ActiveCfg = Release|Win32
		{E01E8BF9-A8D4-41A0-B4C2-BE73D314FB9C}.Release|Win32.Build.0 = Release|Win32
		{E01E8BF9-A8D4-41A0-B4C2-BE73D314FB9C}.MinSizeRel|Win32.ActiveCfg = MinSizeRel|Win32
		{E01E8BF9-A8D4-41A0-B4C2-BE73D314FB9C}.MinSizeRel|Win32.Build.0 = MinSizeRel|Win32
		{E01E8BF9-A8D4-41A0-B4C2-BE73D314FB9C}.RelWithDebInfo|Win32.ActiveCfg = RelWithDebInfo|Win32
		{E01E8BF9-A8D4-41A0-B4C2-BE73D314FB9C}.RelWithDebInfo|Win32.Build.0 = RelWithDebInfo|Win32
		{4969E042-BD77-4A34-AB50-8D982EDF21AE}.Debug|Win32.ActiveCfg = Debug|Win32
		{4969E042-BD77-4A34-AB50-8D982EDF21AE}.Debug|Win32.Build.0 = Debug|Win32
		{4969E042-BD77-4A34-AB50-8D982EDF21AE}.Release|Win32.ActiveCfg = Release|Win32
		{4969E042-BD77-4A34-AB50-8D982EDF21AE}.Release|Win32.Build.0 = Release|Win32
		{4969E042-BD77-4A34-AB50-8D982EDF21AE}.MinSizeRel|Win32.ActiveCfg = MinSizeRel|Win32
		{4969E042-BD77-4A34-AB50-8D982EDF21AE}.MinSizeRel|Win32.Build.0 = MinSizeRel|Win32
		{4969E042-BD77-4A34-AB50-8D982EDF21AE}.RelWithDebInfo|Win32.ActiveCfg = RelWithDebInfo|Win32
		{4969E042-BD77-4A34-AB50-8D982EDF21AE}.RelWithDebInfo|Win32.Build.0 = RelWithDebInfo|Win32
		{8430F90F-0744-482D-AB4A-055B9FD17097}.Debug|Win32.ActiveCfg = Debug|Win32
		{8430F90F-0744-482D-AB4A-055B9FD17097}.Debug|Win32.Build.0 = Debug|Win32
		{8430F90F-0744-482D-AB4A-055B9FD17097}.Release|Win32.ActiveCfg = Release|Win32
		{8430F90F-0744-482D-AB4A-055B9FD17097}.Release|Win32.Build.0 = Release|Win32
		{8430F90F-0744-482D-AB4A-055B9FD17097}.MinSizeRel|Win32.ActiveCfg = MinSizeRel|Win32
		{8430F90F-0744-482D-AB4A-055B9FD17097}.MinSizeRel|Win32.Build.0 = MinSizeRel|Win32
		{8430F90F-0744-482D-AB4A-055B9FD17097}.RelWithDebInfo|Win32.ActiveCfg = RelWithDebInfo|Win32
		{8430F90F-0744-482D-AB4A-055B9FD17097}.RelWithDebInfo|Win32.Build.0 = RelWithDebInfo|Win32
		{0F310FAE-E59C-45E5-ADE5-A38D889E814D}.Debug|Win32.ActiveCfg = Debug|Win32
		{0F310FAE-E59C-45E5-ADE5-A38D889E814D}.Debug|Win32.Build.0 = Debug|Win32
		{0F310FAE-E59C-45E5-ADE5-A38D889E814D}.Release|Win32.ActiveCfg = Release|Win32
		{0F310FAE-E59C-45E5-ADE5-A38D889E814D}.Release|Win32.Build.0 = Release|Win32
		{0F310FAE-E59C-45E5-ADE5-A38D889E814D}.MinSizeRel|Win32.ActiveCfg = MinSizeRel|Win32
		{0F310FAE-E59C-45E5-ADE5-A38D889E814D}.MinSizeRel|Win32.Build.0 = MinSizeRel|Win32
		{0F310FAE-E59C-45E5-ADE5-A38D889E814D}.RelWithDebInfo|Win32.ActiveCfg = RelWithDebInfo|Win32
		{0F310FAE-E59C-45E5-ADE5-A38D889E814D}.RelWithDebInfo|Win32.Build.0 = RelWithDebInfo|Win32
	EndGlobalSection
	GlobalSection(ExtensibilityGlobals) = postSolution
	EndGlobalSection
	GlobalSection(ExtensibilityAddIns) = postSolution
	EndGlobalSection
EndGlobal
