Microsoft Visual Studio Solution File, Format Version 12.00
# Visual Studio 2013
Project("{8BC9CEB8-8B4A-11D0-8D11-00A0C91BC942}") = "ALL_BUILD", "ALL_BUILD.vcxproj", "{3A78D8E3-F9C4-4506-A3E8-7E36F809162C}"
	ProjectSection(ProjectDependencies) = postProject
	EndProjectSection
EndProject
Project("{8BC9CEB8-8B4A-11D0-8D11-00A0C91BC942}") = "INSTALL", "INSTALL.vcxproj", "{8EBA118D-8AFF-433F-B3DE-22DA8C2671CB}"
	ProjectSection(ProjectDependencies) = postProject
		{3A78D8E3-F9C4-4506-A3E8-7E36F809162C} = {3A78D8E3-F9C4-4506-A3E8-7E36F809162C}
	EndProjectSection
EndProject
Project("{8BC9CEB8-8B4A-11D0-8D11-00A0C91BC942}") = "PACKAGE", "PACKAGE.vcxproj", "{AB1F2C21-DEF5-4AD0-9869-49B9BDEADF18}"
	ProjectSection(ProjectDependencies) = postProject
		{3A78D8E3-F9C4-4506-A3E8-7E36F809162C} = {3A78D8E3-F9C4-4506-A3E8-7E36F809162C}
	EndProjectSection
EndProject
Project("{8BC9CEB8-8B4A-11D0-8D11-00A0C91BC942}") = "RUN_TESTS", "RUN_TESTS.vcxproj", "{478EBEAB-7CD8-4205-A8E9-94933B668B2A}"
	ProjectSection(ProjectDependencies) = postProject
	EndProjectSection
EndProject
Global
	GlobalSection(SolutionConfigurationPlatforms) = preSolution
		Debug|Win32 = Debug|Win32
		Release|Win32 = Release|Win32
		MinSizeRel|Win32 = MinSizeRel|Win32
		RelWithDebInfo|Win32 = RelWithDebInfo|Win32
	EndGlobalSection
	GlobalSection(ProjectConfigurationPlatforms) = postSolution
		{3A78D8E3-F9C4-4506-A3E8-7E36F809162C}.Debug|Win32.ActiveCfg = Debug|Win32
		{3A78D8E3-F9C4-4506-A3E8-7E36F809162C}.Debug|Win32.Build.0 = Debug|Win32
		{3A78D8E3-F9C4-4506-A3E8-7E36F809162C}.Release|Win32.ActiveCfg = Release|Win32
		{3A78D8E3-F9C4-4506-A3E8-7E36F809162C}.Release|Win32.Build.0 = Release|Win32
		{3A78D8E3-F9C4-4506-A3E8-7E36F809162C}.MinSizeRel|Win32.ActiveCfg = MinSizeRel|Win32
		{3A78D8E3-F9C4-4506-A3E8-7E36F809162C}.MinSizeRel|Win32.Build.0 = MinSizeRel|Win32
		{3A78D8E3-F9C4-4506-A3E8-7E36F809162C}.RelWithDebInfo|Win32.ActiveCfg = RelWithDebInfo|Win32
		{3A78D8E3-F9C4-4506-A3E8-7E36F809162C}.RelWithDebInfo|Win32.Build.0 = RelWithDebInfo|Win32
		{8EBA118D-8AFF-433F-B3DE-22DA8C2671CB}.Debug|Win32.ActiveCfg = Debug|Win32
		{8EBA118D-8AFF-433F-B3DE-22DA8C2671CB}.Release|Win32.ActiveCfg = Release|Win32
		{8EBA118D-8AFF-433F-B3DE-22DA8C2671CB}.MinSizeRel|Win32.ActiveCfg = MinSizeRel|Win32
		{8EBA118D-8AFF-433F-B3DE-22DA8C2671CB}.RelWithDebInfo|Win32.ActiveCfg = RelWithDebInfo|Win32
		{AB1F2C21-DEF5-4AD0-9869-49B9BDEADF18}.Debug|Win32.ActiveCfg = Debug|Win32
		{AB1F2C21-DEF5-4AD0-9869-49B9BDEADF18}.Release|Win32.ActiveCfg = Release|Win32
		{AB1F2C21-DEF5-4AD0-9869-49B9BDEADF18}.MinSizeRel|Win32.ActiveCfg = MinSizeRel|Win32
		{AB1F2C21-DEF5-4AD0-9869-49B9BDEADF18}.RelWithDebInfo|Win32.ActiveCfg = RelWithDebInfo|Win32
		{478EBEAB-7CD8-4205-A8E9-94933B668B2A}.Debug|Win32.ActiveCfg = Debug|Win32
		{478EBEAB-7CD8-4205-A8E9-94933B668B2A}.Release|Win32.ActiveCfg = Release|Win32
		{478EBEAB-7CD8-4205-A8E9-94933B668B2A}.MinSizeRel|Win32.ActiveCfg = MinSizeRel|Win32
		{478EBEAB-7CD8-4205-A8E9-94933B668B2A}.RelWithDebInfo|Win32.ActiveCfg = RelWithDebInfo|Win32
	EndGlobalSection
	GlobalSection(ExtensibilityGlobals) = postSolution
	EndGlobalSection
	GlobalSection(ExtensibilityAddIns) = postSolution
	EndGlobalSection
EndGlobal
